// !$*UTF8*$!
{
	archiveVersion = 1;
	classes = {
	};
	objectVersion = 46;
	objects = {

/* Begin PBXBuildFile section */
		2637030BD0BB4B634FDA3A39 /* BuddyBuildSDK.framework in Frameworks */ = {isa = PBXBuildFile; fileRef = 9BEAA89A6974654BF8341007 /* BuddyBuildSDK.framework */; };
		2BF6C4205ED11C452D4727B6 /* AssetsLibrary.framework in Frameworks */ = {isa = PBXBuildFile; fileRef = F378069A08D95A02A0609730 /* AssetsLibrary.framework */; };
		34558AD8953DBBC3C4633693 /* CoreText.framework in Frameworks */ = {isa = PBXBuildFile; fileRef = 472C65A8961505DC54A0A524 /* CoreText.framework */; };
		51C172943AC6A38199D707FF /* QuartzCore.framework in Frameworks */ = {isa = PBXBuildFile; fileRef = 251679B075BB9B297CC54DEE /* QuartzCore.framework */; };
		527F09F4ED5A4398A745E916 /* CoreMedia.framework in Frameworks */ = {isa = PBXBuildFile; fileRef = 376393EFC9A0DC7B6FF6AEB7 /* CoreMedia.framework */; };
		556C44DCF771776F523D81A9 /* SystemConfiguration.framework in Frameworks */ = {isa = PBXBuildFile; fileRef = 03977BF7B5F894E4F1D32612 /* SystemConfiguration.framework */; };
		617DEA6C543387B78781239B /* AVFoundation.framework in Frameworks */ = {isa = PBXBuildFile; fileRef = 8C2B1902362757C0624F7375 /* AVFoundation.framework */; };
		A5E001464D3EBE5B6C3992F7 /* CoreTelephony.framework in Frameworks */ = {isa = PBXBuildFile; fileRef = BFF79175AD9828A77B67ED25 /* CoreTelephony.framework */; };
		C836645023074141E9A8316D /* CoreVideo.framework in Frameworks */ = {isa = PBXBuildFile; fileRef = 5B75C5E861ECC3FED50AAE7A /* CoreVideo.framework */; };
		EE040821203DDA9D0047D05C /* ILinkCell.swift in Sources */ = {isa = PBXBuildFile; fileRef = EE040820203DDA9D0047D05C /* ILinkCell.swift */; };
		EE04AD0F1F4B326800DAD0C6 /* SubredditSection.swift in Sources */ = {isa = PBXBuildFile; fileRef = EE04AD0E1F4B326800DAD0C6 /* SubredditSection.swift */; };
		EE0B96311FD05A8400E38284 /* LinkDataMock.swift in Sources */ = {isa = PBXBuildFile; fileRef = EE0B96301FD05A8400E38284 /* LinkDataMock.swift */; };
		EE18496C1FD84D9300531ED7 /* Request.swift in Sources */ = {isa = PBXBuildFile; fileRef = EE18496B1FD84D9300531ED7 /* Request.swift */; };
		EE19BA421F73F88A00F99974 /* RxSwift.framework in Frameworks */ = {isa = PBXBuildFile; fileRef = EE7662A51F5C3FB1006987BC /* RxSwift.framework */; };
		EE19BA431F73F88A00F99974 /* RxSwift.framework in Embed Frameworks */ = {isa = PBXBuildFile; fileRef = EE7662A51F5C3FB1006987BC /* RxSwift.framework */; settings = {ATTRIBUTES = (CodeSignOnCopy, RemoveHeadersOnCopy, ); }; };
		EE1EB1021FC94528007978DB /* CardPresentationAnimator.swift in Sources */ = {isa = PBXBuildFile; fileRef = EE1EB0FF1FC94527007978DB /* CardPresentationAnimator.swift */; };
		EE1EB1031FC94528007978DB /* CardPresentationController.swift in Sources */ = {isa = PBXBuildFile; fileRef = EE1EB1001FC94527007978DB /* CardPresentationController.swift */; };
		EE1EB1041FC94528007978DB /* CardTransitioningDelegate.swift in Sources */ = {isa = PBXBuildFile; fileRef = EE1EB1011FC94527007978DB /* CardTransitioningDelegate.swift */; };
		EE2541531F74044F007DFF61 /* Date+Extensions.swift in Sources */ = {isa = PBXBuildFile; fileRef = EE2541521F74044F007DFF61 /* Date+Extensions.swift */; };
		EE2541581F740636007DFF61 /* Date+ExtensionsTest.swift in Sources */ = {isa = PBXBuildFile; fileRef = EE2541571F740636007DFF61 /* Date+ExtensionsTest.swift */; };
		EE25AF751FD97ED8003A3C32 /* AFNetworkAdapter.swift in Sources */ = {isa = PBXBuildFile; fileRef = EE25AF741FD97ED8003A3C32 /* AFNetworkAdapter.swift */; };
		EE25AF781FD97F9D003A3C32 /* Endpoint.swift in Sources */ = {isa = PBXBuildFile; fileRef = EE25AF771FD97F9D003A3C32 /* Endpoint.swift */; };
		EE25AF7C1FD97FD3003A3C32 /* SubredditEndpoint.swift in Sources */ = {isa = PBXBuildFile; fileRef = EE25AF7B1FD97FD3003A3C32 /* SubredditEndpoint.swift */; };
		EE25AF7E1FD989EB003A3C32 /* ServiceFactory.swift in Sources */ = {isa = PBXBuildFile; fileRef = EE25AF7D1FD989EB003A3C32 /* ServiceFactory.swift */; };
		EE25AF801FD98C34003A3C32 /* SubredditInteractor.swift in Sources */ = {isa = PBXBuildFile; fileRef = EE25AF7F1FD98C34003A3C32 /* SubredditInteractor.swift */; };
		EE25AF841FD99291003A3C32 /* EndpointMock.swift in Sources */ = {isa = PBXBuildFile; fileRef = EE25AF831FD99291003A3C32 /* EndpointMock.swift */; };
		EE25AF861FD994D9003A3C32 /* SubredditServiceTest.swift in Sources */ = {isa = PBXBuildFile; fileRef = EE25AF851FD994D9003A3C32 /* SubredditServiceTest.swift */; };
		EE25AF881FD99DF3003A3C32 /* SubredditEndpointTest.swift in Sources */ = {isa = PBXBuildFile; fileRef = EE25AF871FD99DF3003A3C32 /* SubredditEndpointTest.swift */; };
		EE299CB81F434DF700733426 /* LinkTest.swift in Sources */ = {isa = PBXBuildFile; fileRef = EE299CB41F434DF700733426 /* LinkTest.swift */; };
		EE299CB91F434DF700733426 /* ListingTest.swift in Sources */ = {isa = PBXBuildFile; fileRef = EE299CB51F434DF700733426 /* ListingTest.swift */; };
		EE306DAA1FC733F90012DC43 /* ThingDetailInteractorTest.swift in Sources */ = {isa = PBXBuildFile; fileRef = EE306DA91FC733F90012DC43 /* ThingDetailInteractorTest.swift */; };
		EE35A3812011013B001FCB38 /* PreviewDataMock.swift in Sources */ = {isa = PBXBuildFile; fileRef = EE35A3802011013B001FCB38 /* PreviewDataMock.swift */; };
		EE3B85C1200E574A00B5A6B4 /* ArticleTest.swift in Sources */ = {isa = PBXBuildFile; fileRef = EE3B85C0200E574900B5A6B4 /* ArticleTest.swift */; };
		EE3B85C3200E5A6C00B5A6B4 /* CommentTest.swift in Sources */ = {isa = PBXBuildFile; fileRef = EE3B85C2200E5A6C00B5A6B4 /* CommentTest.swift */; };
		EE3B85C5200E5B2400B5A6B4 /* CommentDataMock.swift in Sources */ = {isa = PBXBuildFile; fileRef = EE3B85C4200E5B2400B5A6B4 /* CommentDataMock.swift */; };
		EE3B85C7200E64FA00B5A6B4 /* Comment.swift in Sources */ = {isa = PBXBuildFile; fileRef = EE3B85C6200E64FA00B5A6B4 /* Comment.swift */; };
		EE3CFA2E203BACF000EC0437 /* LinkViewPresenter.swift in Sources */ = {isa = PBXBuildFile; fileRef = EE3CFA2D203BACF000EC0437 /* LinkViewPresenter.swift */; };
		EE4B97191F4936BB00FAEECA /* Image.swift in Sources */ = {isa = PBXBuildFile; fileRef = EE4B97181F4936BB00FAEECA /* Image.swift */; };
		EE4B971B1F4936EC00FAEECA /* ImageInfo.swift in Sources */ = {isa = PBXBuildFile; fileRef = EE4B971A1F4936EC00FAEECA /* ImageInfo.swift */; };
		EE4B971F1F4937AD00FAEECA /* PreviewImages.swift in Sources */ = {isa = PBXBuildFile; fileRef = EE4B971E1F4937AD00FAEECA /* PreviewImages.swift */; };
		EE4BCB5C1FA89C7F00C7BEC5 /* UIKitExtensions.swift in Sources */ = {isa = PBXBuildFile; fileRef = EE4BCB5B1FA89C7F00C7BEC5 /* UIKitExtensions.swift */; };
		EE59ECE81F77FFC100229774 /* PostHint.swift in Sources */ = {isa = PBXBuildFile; fileRef = EE59ECE71F77FFC000229774 /* PostHint.swift */; };
		EE59ECEC1F7803BE00229774 /* PostHintTest.swift in Sources */ = {isa = PBXBuildFile; fileRef = EE59ECEB1F7803BD00229774 /* PostHintTest.swift */; };
		EE5A9EC71FC5D71300A812D8 /* SubredditInteractorTest.swift in Sources */ = {isa = PBXBuildFile; fileRef = EE5A9EC61FC5D71300A812D8 /* SubredditInteractorTest.swift */; };
		EE5A9EC91FC5D7AC00A812D8 /* SubredditViewControllerTest.swift in Sources */ = {isa = PBXBuildFile; fileRef = EE5A9EC81FC5D7AC00A812D8 /* SubredditViewControllerTest.swift */; };
		EE5A9ECF1FC5DD1E00A812D8 /* SubredditServiceMock.swift in Sources */ = {isa = PBXBuildFile; fileRef = EE5A9ECD1FC5DD1D00A812D8 /* SubredditServiceMock.swift */; };
		EE5A9ED21FC5DD4100A812D8 /* SubredditInteractorMock.swift in Sources */ = {isa = PBXBuildFile; fileRef = EE5A9ED11FC5DD4100A812D8 /* SubredditInteractorMock.swift */; };
		EE5A9ED41FC5DDBB00A812D8 /* ViewControllableMock.swift in Sources */ = {isa = PBXBuildFile; fileRef = EE5A9ED31FC5DDBB00A812D8 /* ViewControllableMock.swift */; };
		EE5A9ED61FC5DF3F00A812D8 /* SubredditViewControllerMock.swift in Sources */ = {isa = PBXBuildFile; fileRef = EE5A9ED51FC5DF3F00A812D8 /* SubredditViewControllerMock.swift */; };
		EE5D1E571F83F49B00EAA5FD /* LinkViewTest.swift in Sources */ = {isa = PBXBuildFile; fileRef = EE5D1E531F83F49B00EAA5FD /* LinkViewTest.swift */; };
		EE5D1E581F83F49B00EAA5FD /* UrlLinkTableViewCellTest.swift in Sources */ = {isa = PBXBuildFile; fileRef = EE5D1E541F83F49B00EAA5FD /* UrlLinkTableViewCellTest.swift */; };
		EE6D84731F519A9800508361 /* Progressable.swift in Sources */ = {isa = PBXBuildFile; fileRef = EE6D84721F519A9800508361 /* Progressable.swift */; };
		EE7662A61F5C3FB1006987BC /* RxBlocking.framework in Frameworks */ = {isa = PBXBuildFile; fileRef = EE7662A31F5C3FB1006987BC /* RxBlocking.framework */; };
		EE7662A71F5C3FB1006987BC /* RxBlocking.framework in Embed Frameworks */ = {isa = PBXBuildFile; fileRef = EE7662A31F5C3FB1006987BC /* RxBlocking.framework */; settings = {ATTRIBUTES = (CodeSignOnCopy, RemoveHeadersOnCopy, ); }; };
		EE7662A81F5C3FB1006987BC /* RxCocoa.framework in Frameworks */ = {isa = PBXBuildFile; fileRef = EE7662A41F5C3FB1006987BC /* RxCocoa.framework */; };
		EE7662A91F5C3FB1006987BC /* RxCocoa.framework in Embed Frameworks */ = {isa = PBXBuildFile; fileRef = EE7662A41F5C3FB1006987BC /* RxCocoa.framework */; settings = {ATTRIBUTES = (CodeSignOnCopy, RemoveHeadersOnCopy, ); }; };
		EE787F3F203DD2D400544ECF /* UrlLinkView.swift in Sources */ = {isa = PBXBuildFile; fileRef = EE787F3E203DD2D400544ECF /* UrlLinkView.swift */; };
		EE787F41203DD2F500544ECF /* ImageLinkView.swift in Sources */ = {isa = PBXBuildFile; fileRef = EE787F40203DD2F500544ECF /* ImageLinkView.swift */; };
		EE7E74831F4AFEA700C9B623 /* ImageTest.swift in Sources */ = {isa = PBXBuildFile; fileRef = EE7E74821F4AFEA700C9B623 /* ImageTest.swift */; };
		EE7E74851F4B049100C9B623 /* PreviewImageTest.swift in Sources */ = {isa = PBXBuildFile; fileRef = EE7E74841F4B049100C9B623 /* PreviewImageTest.swift */; };
		EE8B47ED1FB4B75100F4C0CB /* SnapKit.framework in Frameworks */ = {isa = PBXBuildFile; fileRef = EE8B47EB1FB4B74200F4C0CB /* SnapKit.framework */; };
		EE8B47EE1FB4B75100F4C0CB /* SnapKit.framework in Embed Frameworks */ = {isa = PBXBuildFile; fileRef = EE8B47EB1FB4B74200F4C0CB /* SnapKit.framework */; settings = {ATTRIBUTES = (CodeSignOnCopy, RemoveHeadersOnCopy, ); }; };
		EE9F4FBF1FCDCFAC006B27A6 /* DictionaryHelper.swift in Sources */ = {isa = PBXBuildFile; fileRef = EE9F4FBE1FCDCFAC006B27A6 /* DictionaryHelper.swift */; };
		EEA21B361FCC59AB00089504 /* RedditAnyKeys.swift in Sources */ = {isa = PBXBuildFile; fileRef = EEA21B351FCC59AB00089504 /* RedditAnyKeys.swift */; };
		EEACD4A22018CC7700FE21F1 /* VoteViewTest.swift in Sources */ = {isa = PBXBuildFile; fileRef = EEACD4A12018CC7700FE21F1 /* VoteViewTest.swift */; };
		EEACD4A42018CCE000FE21F1 /* VoteView.swift in Sources */ = {isa = PBXBuildFile; fileRef = EEACD4A32018CCE000FE21F1 /* VoteView.swift */; };
		EEB32C9A1FA229A600F414E8 /* ImageLinkTableViewCell.swift in Sources */ = {isa = PBXBuildFile; fileRef = EEB32C971FA229A600F414E8 /* ImageLinkTableViewCell.swift */; };
		EEB32C9C1FA229A600F414E8 /* UrlLinkTableViewCell.swift in Sources */ = {isa = PBXBuildFile; fileRef = EEB32C991FA229A600F414E8 /* UrlLinkTableViewCell.swift */; };
		EEB6A917201A2487002094F0 /* Theme.swift in Sources */ = {isa = PBXBuildFile; fileRef = EEB6A916201A2487002094F0 /* Theme.swift */; };
		EEB7F3162030906200DFAB50 /* LinkActionsView.swift in Sources */ = {isa = PBXBuildFile; fileRef = EEB7F3152030906200DFAB50 /* LinkActionsView.swift */; };
		EEB7F318203096E900DFAB50 /* LinkInfoView.swift in Sources */ = {isa = PBXBuildFile; fileRef = EEB7F317203096E900DFAB50 /* LinkInfoView.swift */; };
		EEB7F31A20309A3100DFAB50 /* LinkView.swift in Sources */ = {isa = PBXBuildFile; fileRef = EEB7F31920309A3100DFAB50 /* LinkView.swift */; };
		EEBE3AE71FE18E3F00CF92FF /* SnapKit+SafeAreaLayout.swift in Sources */ = {isa = PBXBuildFile; fileRef = EEBE3AE61FE18E3F00CF92FF /* SnapKit+SafeAreaLayout.swift */; };
		EEC7CB731FC1E4C40051097F /* ThingDetailBuilder.swift in Sources */ = {isa = PBXBuildFile; fileRef = EEC7CB6F1FC1E4C40051097F /* ThingDetailBuilder.swift */; };
		EEC7CB741FC1E4C40051097F /* ThingDetailInteractor.swift in Sources */ = {isa = PBXBuildFile; fileRef = EEC7CB701FC1E4C40051097F /* ThingDetailInteractor.swift */; };
		EEC7CB751FC1E4C40051097F /* ThingDetailRouter.swift in Sources */ = {isa = PBXBuildFile; fileRef = EEC7CB711FC1E4C40051097F /* ThingDetailRouter.swift */; };
		EEC7CB761FC1E4C40051097F /* ThingDetailViewController.swift in Sources */ = {isa = PBXBuildFile; fileRef = EEC7CB721FC1E4C40051097F /* ThingDetailViewController.swift */; };
		EEC7CB7B1FC1E51F0051097F /* SubredditBuilder.swift in Sources */ = {isa = PBXBuildFile; fileRef = EEC7CB771FC1E51F0051097F /* SubredditBuilder.swift */; };
		EEC7CB7D1FC1E51F0051097F /* SubredditRouter.swift in Sources */ = {isa = PBXBuildFile; fileRef = EEC7CB791FC1E51F0051097F /* SubredditRouter.swift */; };
		EEC7CB7E1FC1E51F0051097F /* SubredditViewController.swift in Sources */ = {isa = PBXBuildFile; fileRef = EEC7CB7A1FC1E51F0051097F /* SubredditViewController.swift */; };
		EEC7CB841FC1E6900051097F /* RootBuilder.swift in Sources */ = {isa = PBXBuildFile; fileRef = EEC7CB801FC1E6900051097F /* RootBuilder.swift */; };
		EEC7CB851FC1E6900051097F /* RootInteractor.swift in Sources */ = {isa = PBXBuildFile; fileRef = EEC7CB811FC1E6900051097F /* RootInteractor.swift */; };
		EEC7CB861FC1E6900051097F /* RootRouter.swift in Sources */ = {isa = PBXBuildFile; fileRef = EEC7CB821FC1E6900051097F /* RootRouter.swift */; };
		EEC7CB871FC1E6900051097F /* RootViewController.swift in Sources */ = {isa = PBXBuildFile; fileRef = EEC7CB831FC1E6900051097F /* RootViewController.swift */; };
		EEC7CB891FC1EA400051097F /* RootComponent+Listing.swift in Sources */ = {isa = PBXBuildFile; fileRef = EEC7CB881FC1EA400051097F /* RootComponent+Listing.swift */; };
		EEC7CB8B1FC1ED2E0051097F /* AppComponent.swift in Sources */ = {isa = PBXBuildFile; fileRef = EEC7CB8A1FC1ED2E0051097F /* AppComponent.swift */; };
		EED4440E1FC1E0550027145D /* RIBs.framework in Frameworks */ = {isa = PBXBuildFile; fileRef = EED4440C1FC1E04D0027145D /* RIBs.framework */; };
		EED4440F1FC1E0550027145D /* RIBs.framework in Embed Frameworks */ = {isa = PBXBuildFile; fileRef = EED4440C1FC1E04D0027145D /* RIBs.framework */; settings = {ATTRIBUTES = (CodeSignOnCopy, RemoveHeadersOnCopy, ); }; };
		EED469791F3CCA08006759D1 /* AppDelegate.swift in Sources */ = {isa = PBXBuildFile; fileRef = EED469781F3CCA08006759D1 /* AppDelegate.swift */; };
		EED469801F3CCA08006759D1 /* Assets.xcassets in Resources */ = {isa = PBXBuildFile; fileRef = EED4697F1F3CCA08006759D1 /* Assets.xcassets */; };
		EED469831F3CCA08006759D1 /* LaunchScreen.storyboard in Resources */ = {isa = PBXBuildFile; fileRef = EED469811F3CCA08006759D1 /* LaunchScreen.storyboard */; };
		EED4698E1F3CCA08006759D1 /* RedditTests.swift in Sources */ = {isa = PBXBuildFile; fileRef = EED4698D1F3CCA08006759D1 /* RedditTests.swift */; };
		EED469991F3CCA08006759D1 /* RedditUITests.swift in Sources */ = {isa = PBXBuildFile; fileRef = EED469981F3CCA08006759D1 /* RedditUITests.swift */; };
		EED5793B1F481601006AA6C7 /* Votable.swift in Sources */ = {isa = PBXBuildFile; fileRef = EED5793A1F481601006AA6C7 /* Votable.swift */; };
		EED5793D1F48163A006AA6C7 /* Created.swift in Sources */ = {isa = PBXBuildFile; fileRef = EED5793C1F48163A006AA6C7 /* Created.swift */; };
		EED6457B1F40A09500BA46B2 /* Kind.swift in Sources */ = {isa = PBXBuildFile; fileRef = EED6456B1F40A09500BA46B2 /* Kind.swift */; };
		EED6457C1F40A09500BA46B2 /* Link.swift in Sources */ = {isa = PBXBuildFile; fileRef = EED6456C1F40A09500BA46B2 /* Link.swift */; };
		EED6457D1F40A09500BA46B2 /* Listing.swift in Sources */ = {isa = PBXBuildFile; fileRef = EED6456D1F40A09500BA46B2 /* Listing.swift */; };
		EED6457E1F40A09500BA46B2 /* Thing.swift in Sources */ = {isa = PBXBuildFile; fileRef = EED6456E1F40A09500BA46B2 /* Thing.swift */; };
		EED645891F40A3AC00BA46B2 /* Alamofire.framework in Frameworks */ = {isa = PBXBuildFile; fileRef = EED645841F40A3AC00BA46B2 /* Alamofire.framework */; };
		EED6458A1F40A3AC00BA46B2 /* Alamofire.framework in Embed Frameworks */ = {isa = PBXBuildFile; fileRef = EED645841F40A3AC00BA46B2 /* Alamofire.framework */; settings = {ATTRIBUTES = (CodeSignOnCopy, RemoveHeadersOnCopy, ); }; };
		EED6458B1F40A3AC00BA46B2 /* AlamofireImage.framework in Frameworks */ = {isa = PBXBuildFile; fileRef = EED645851F40A3AC00BA46B2 /* AlamofireImage.framework */; };
		EED6458C1F40A3AC00BA46B2 /* AlamofireImage.framework in Embed Frameworks */ = {isa = PBXBuildFile; fileRef = EED645851F40A3AC00BA46B2 /* AlamofireImage.framework */; settings = {ATTRIBUTES = (CodeSignOnCopy, RemoveHeadersOnCopy, ); }; };
		EEDBFC1C204463270056BD1B /* TitleLinkTableViewCell.swift in Sources */ = {isa = PBXBuildFile; fileRef = EEDBFC1B204463270056BD1B /* TitleLinkTableViewCell.swift */; };
		EEDBFC1E204463BA0056BD1B /* TitleLinkView.swift in Sources */ = {isa = PBXBuildFile; fileRef = EEDBFC1D204463BA0056BD1B /* TitleLinkView.swift */; };
		EEDBFC20204468D80056BD1B /* ImageLinkViewProtocol.swift in Sources */ = {isa = PBXBuildFile; fileRef = EEDBFC1F204468D80056BD1B /* ImageLinkViewProtocol.swift */; };
		EEDBFC22204469180056BD1B /* UrlLinkViewProtocol.swift in Sources */ = {isa = PBXBuildFile; fileRef = EEDBFC21204469180056BD1B /* UrlLinkViewProtocol.swift */; };
		EEDBFC2420446B910056BD1B /* ViewContentHeightAdjustable.swift in Sources */ = {isa = PBXBuildFile; fileRef = EEDBFC2320446B910056BD1B /* ViewContentHeightAdjustable.swift */; };
		EEDE30ED203DE1620085B7CA /* LinkViewPresenterTest.swift in Sources */ = {isa = PBXBuildFile; fileRef = EEDE30EC203DE1620085B7CA /* LinkViewPresenterTest.swift */; };
		EEE00EAD1FEF3AC600C5BE73 /* LoadingCell.swift in Sources */ = {isa = PBXBuildFile; fileRef = EEE00EAC1FEF3AC600C5BE73 /* LoadingCell.swift */; };
		EEF4917C1FEE4790009F310D /* RedditDetail.xib in Resources */ = {isa = PBXBuildFile; fileRef = EEF4917B1FEE4790009F310D /* RedditDetail.xib */; };
		EEF69CBE1FD597A400AF1F46 /* RequestConfig.swift in Sources */ = {isa = PBXBuildFile; fileRef = EEF69CBD1FD597A400AF1F46 /* RequestConfig.swift */; };
		EEF69CC11FD597ED00AF1F46 /* RequestConfigTest.swift in Sources */ = {isa = PBXBuildFile; fileRef = EEF69CC01FD597ED00AF1F46 /* RequestConfigTest.swift */; };
		EEF69CC61FD5983200AF1F46 /* RedditRequestTest.swift in Sources */ = {isa = PBXBuildFile; fileRef = EEF69CC41FD5983200AF1F46 /* RedditRequestTest.swift */; };
		EEF69CCB1FD59B9900AF1F46 /* SubredditService.swift in Sources */ = {isa = PBXBuildFile; fileRef = EEF69CCA1FD59B9900AF1F46 /* SubredditService.swift */; };
		EEF69CD11FD59EC600AF1F46 /* NetworkAdapter.swift in Sources */ = {isa = PBXBuildFile; fileRef = EEF69CD01FD59EC600AF1F46 /* NetworkAdapter.swift */; };
		EEF9356B1FD85476003A5B6E /* Service.swift in Sources */ = {isa = PBXBuildFile; fileRef = EEF9356A1FD85476003A5B6E /* Service.swift */; };
		EEF9356D1FD85631003A5B6E /* RedditRequest.swift in Sources */ = {isa = PBXBuildFile; fileRef = EEF9356C1FD85631003A5B6E /* RedditRequest.swift */; };
		EEFFF11D1FC4899F004D1113 /* SubredditComponent+ThingDetail.swift in Sources */ = {isa = PBXBuildFile; fileRef = EEFFF11C1FC4899F004D1113 /* SubredditComponent+ThingDetail.swift */; };
/* End PBXBuildFile section */

/* Begin PBXContainerItemProxy section */
		EED4698A1F3CCA08006759D1 /* PBXContainerItemProxy */ = {
			isa = PBXContainerItemProxy;
			containerPortal = EED4696D1F3CCA08006759D1 /* Project object */;
			proxyType = 1;
			remoteGlobalIDString = EED469741F3CCA08006759D1;
			remoteInfo = Reddit;
		};
		EED469951F3CCA08006759D1 /* PBXContainerItemProxy */ = {
			isa = PBXContainerItemProxy;
			containerPortal = EED4696D1F3CCA08006759D1 /* Project object */;
			proxyType = 1;
			remoteGlobalIDString = EED469741F3CCA08006759D1;
			remoteInfo = Reddit;
		};
/* End PBXContainerItemProxy section */

/* Begin PBXCopyFilesBuildPhase section */
		EE3B9DA11F404E1D00A77A2C /* Embed Frameworks */ = {
			isa = PBXCopyFilesBuildPhase;
			buildActionMask = 2147483647;
			dstPath = "";
			dstSubfolderSpec = 10;
			files = (
				EE7662A71F5C3FB1006987BC /* RxBlocking.framework in Embed Frameworks */,
				EED4440F1FC1E0550027145D /* RIBs.framework in Embed Frameworks */,
				EED6458A1F40A3AC00BA46B2 /* Alamofire.framework in Embed Frameworks */,
				EE19BA431F73F88A00F99974 /* RxSwift.framework in Embed Frameworks */,
				EED6458C1F40A3AC00BA46B2 /* AlamofireImage.framework in Embed Frameworks */,
				EE7662A91F5C3FB1006987BC /* RxCocoa.framework in Embed Frameworks */,
				EE8B47EE1FB4B75100F4C0CB /* SnapKit.framework in Embed Frameworks */,
			);
			name = "Embed Frameworks";
			runOnlyForDeploymentPostprocessing = 0;
		};
/* End PBXCopyFilesBuildPhase section */

/* Begin PBXFileReference section */
		03977BF7B5F894E4F1D32612 /* SystemConfiguration.framework */ = {isa = PBXFileReference; lastKnownFileType = wrapper.framework; name = SystemConfiguration.framework; path = System/Library/Frameworks/SystemConfiguration.framework; sourceTree = SDKROOT; };
		251679B075BB9B297CC54DEE /* QuartzCore.framework */ = {isa = PBXFileReference; lastKnownFileType = wrapper.framework; name = QuartzCore.framework; path = System/Library/Frameworks/QuartzCore.framework; sourceTree = SDKROOT; };
		376393EFC9A0DC7B6FF6AEB7 /* CoreMedia.framework */ = {isa = PBXFileReference; lastKnownFileType = wrapper.framework; name = CoreMedia.framework; path = System/Library/Frameworks/CoreMedia.framework; sourceTree = SDKROOT; };
		472C65A8961505DC54A0A524 /* CoreText.framework */ = {isa = PBXFileReference; lastKnownFileType = wrapper.framework; name = CoreText.framework; path = System/Library/Frameworks/CoreText.framework; sourceTree = SDKROOT; };
		5B75C5E861ECC3FED50AAE7A /* CoreVideo.framework */ = {isa = PBXFileReference; lastKnownFileType = wrapper.framework; name = CoreVideo.framework; path = System/Library/Frameworks/CoreVideo.framework; sourceTree = SDKROOT; };
		8C2B1902362757C0624F7375 /* AVFoundation.framework */ = {isa = PBXFileReference; lastKnownFileType = wrapper.framework; name = AVFoundation.framework; path = System/Library/Frameworks/AVFoundation.framework; sourceTree = SDKROOT; };
		9BEAA89A6974654BF8341007 /* BuddyBuildSDK.framework */ = {isa = PBXFileReference; lastKnownFileType = wrapper.framework; path = BuddyBuildSDK.framework; sourceTree = "<group>"; };
		BFF79175AD9828A77B67ED25 /* CoreTelephony.framework */ = {isa = PBXFileReference; lastKnownFileType = wrapper.framework; name = CoreTelephony.framework; path = System/Library/Frameworks/CoreTelephony.framework; sourceTree = SDKROOT; };
		C80A899709A4ACFFB98A5024 /* Bridging-Header.h */ = {isa = PBXFileReference; includeInIndex = 1; lastKnownFileType = sourcecode.c.h; path = "Bridging-Header.h"; sourceTree = "<group>"; };
		EE040820203DDA9D0047D05C /* ILinkCell.swift */ = {isa = PBXFileReference; lastKnownFileType = sourcecode.swift; path = ILinkCell.swift; sourceTree = "<group>"; };
		EE04AD0E1F4B326800DAD0C6 /* SubredditSection.swift */ = {isa = PBXFileReference; fileEncoding = 4; lastKnownFileType = sourcecode.swift; path = SubredditSection.swift; sourceTree = "<group>"; };
		EE0B96301FD05A8400E38284 /* LinkDataMock.swift */ = {isa = PBXFileReference; lastKnownFileType = sourcecode.swift; path = LinkDataMock.swift; sourceTree = "<group>"; };
		EE18496B1FD84D9300531ED7 /* Request.swift */ = {isa = PBXFileReference; lastKnownFileType = sourcecode.swift; path = Request.swift; sourceTree = "<group>"; };
		EE1EB0FF1FC94527007978DB /* CardPresentationAnimator.swift */ = {isa = PBXFileReference; fileEncoding = 4; lastKnownFileType = sourcecode.swift; path = CardPresentationAnimator.swift; sourceTree = "<group>"; };
		EE1EB1001FC94527007978DB /* CardPresentationController.swift */ = {isa = PBXFileReference; fileEncoding = 4; lastKnownFileType = sourcecode.swift; path = CardPresentationController.swift; sourceTree = "<group>"; };
		EE1EB1011FC94527007978DB /* CardTransitioningDelegate.swift */ = {isa = PBXFileReference; fileEncoding = 4; lastKnownFileType = sourcecode.swift; path = CardTransitioningDelegate.swift; sourceTree = "<group>"; };
		EE2541521F74044F007DFF61 /* Date+Extensions.swift */ = {isa = PBXFileReference; lastKnownFileType = sourcecode.swift; path = "Date+Extensions.swift"; sourceTree = "<group>"; };
		EE2541571F740636007DFF61 /* Date+ExtensionsTest.swift */ = {isa = PBXFileReference; lastKnownFileType = sourcecode.swift; path = "Date+ExtensionsTest.swift"; sourceTree = "<group>"; };
		EE25AF741FD97ED8003A3C32 /* AFNetworkAdapter.swift */ = {isa = PBXFileReference; lastKnownFileType = sourcecode.swift; path = AFNetworkAdapter.swift; sourceTree = "<group>"; };
		EE25AF771FD97F9D003A3C32 /* Endpoint.swift */ = {isa = PBXFileReference; fileEncoding = 4; lastKnownFileType = sourcecode.swift; path = Endpoint.swift; sourceTree = "<group>"; };
		EE25AF7B1FD97FD3003A3C32 /* SubredditEndpoint.swift */ = {isa = PBXFileReference; fileEncoding = 4; lastKnownFileType = sourcecode.swift; path = SubredditEndpoint.swift; sourceTree = "<group>"; };
		EE25AF7D1FD989EB003A3C32 /* ServiceFactory.swift */ = {isa = PBXFileReference; lastKnownFileType = sourcecode.swift; path = ServiceFactory.swift; sourceTree = "<group>"; };
		EE25AF7F1FD98C34003A3C32 /* SubredditInteractor.swift */ = {isa = PBXFileReference; fileEncoding = 4; lastKnownFileType = sourcecode.swift; path = SubredditInteractor.swift; sourceTree = "<group>"; };
		EE25AF831FD99291003A3C32 /* EndpointMock.swift */ = {isa = PBXFileReference; lastKnownFileType = sourcecode.swift; path = EndpointMock.swift; sourceTree = "<group>"; };
		EE25AF851FD994D9003A3C32 /* SubredditServiceTest.swift */ = {isa = PBXFileReference; lastKnownFileType = sourcecode.swift; path = SubredditServiceTest.swift; sourceTree = "<group>"; };
		EE25AF871FD99DF3003A3C32 /* SubredditEndpointTest.swift */ = {isa = PBXFileReference; lastKnownFileType = sourcecode.swift; path = SubredditEndpointTest.swift; sourceTree = "<group>"; };
		EE299CB41F434DF700733426 /* LinkTest.swift */ = {isa = PBXFileReference; fileEncoding = 4; lastKnownFileType = sourcecode.swift; path = LinkTest.swift; sourceTree = "<group>"; };
		EE299CB51F434DF700733426 /* ListingTest.swift */ = {isa = PBXFileReference; fileEncoding = 4; lastKnownFileType = sourcecode.swift; path = ListingTest.swift; sourceTree = "<group>"; };
		EE306DA91FC733F90012DC43 /* ThingDetailInteractorTest.swift */ = {isa = PBXFileReference; lastKnownFileType = sourcecode.swift; path = ThingDetailInteractorTest.swift; sourceTree = "<group>"; };
		EE35A3802011013B001FCB38 /* PreviewDataMock.swift */ = {isa = PBXFileReference; lastKnownFileType = sourcecode.swift; path = PreviewDataMock.swift; sourceTree = "<group>"; };
		EE3B85C0200E574900B5A6B4 /* ArticleTest.swift */ = {isa = PBXFileReference; lastKnownFileType = sourcecode.swift; path = ArticleTest.swift; sourceTree = "<group>"; };
		EE3B85C2200E5A6C00B5A6B4 /* CommentTest.swift */ = {isa = PBXFileReference; lastKnownFileType = sourcecode.swift; path = CommentTest.swift; sourceTree = "<group>"; };
		EE3B85C4200E5B2400B5A6B4 /* CommentDataMock.swift */ = {isa = PBXFileReference; lastKnownFileType = sourcecode.swift; path = CommentDataMock.swift; sourceTree = "<group>"; };
		EE3B85C6200E64FA00B5A6B4 /* Comment.swift */ = {isa = PBXFileReference; lastKnownFileType = sourcecode.swift; path = Comment.swift; sourceTree = "<group>"; };
		EE3CFA2D203BACF000EC0437 /* LinkViewPresenter.swift */ = {isa = PBXFileReference; lastKnownFileType = sourcecode.swift; path = LinkViewPresenter.swift; sourceTree = "<group>"; };
		EE4B97181F4936BB00FAEECA /* Image.swift */ = {isa = PBXFileReference; fileEncoding = 4; lastKnownFileType = sourcecode.swift; path = Image.swift; sourceTree = "<group>"; };
		EE4B971A1F4936EC00FAEECA /* ImageInfo.swift */ = {isa = PBXFileReference; fileEncoding = 4; lastKnownFileType = sourcecode.swift; path = ImageInfo.swift; sourceTree = "<group>"; };
		EE4B971E1F4937AD00FAEECA /* PreviewImages.swift */ = {isa = PBXFileReference; fileEncoding = 4; lastKnownFileType = sourcecode.swift; path = PreviewImages.swift; sourceTree = "<group>"; };
		EE4BCB5B1FA89C7F00C7BEC5 /* UIKitExtensions.swift */ = {isa = PBXFileReference; lastKnownFileType = sourcecode.swift; path = UIKitExtensions.swift; sourceTree = "<group>"; };
		EE59ECE71F77FFC000229774 /* PostHint.swift */ = {isa = PBXFileReference; lastKnownFileType = sourcecode.swift; path = PostHint.swift; sourceTree = "<group>"; };
		EE59ECEB1F7803BD00229774 /* PostHintTest.swift */ = {isa = PBXFileReference; lastKnownFileType = sourcecode.swift; path = PostHintTest.swift; sourceTree = "<group>"; };
		EE5A9EC61FC5D71300A812D8 /* SubredditInteractorTest.swift */ = {isa = PBXFileReference; lastKnownFileType = sourcecode.swift; path = SubredditInteractorTest.swift; sourceTree = "<group>"; };
		EE5A9EC81FC5D7AC00A812D8 /* SubredditViewControllerTest.swift */ = {isa = PBXFileReference; fileEncoding = 4; lastKnownFileType = sourcecode.swift; path = SubredditViewControllerTest.swift; sourceTree = "<group>"; };
		EE5A9ECD1FC5DD1D00A812D8 /* SubredditServiceMock.swift */ = {isa = PBXFileReference; fileEncoding = 4; lastKnownFileType = sourcecode.swift; path = SubredditServiceMock.swift; sourceTree = "<group>"; };
		EE5A9ED11FC5DD4100A812D8 /* SubredditInteractorMock.swift */ = {isa = PBXFileReference; lastKnownFileType = sourcecode.swift; path = SubredditInteractorMock.swift; sourceTree = "<group>"; };
		EE5A9ED31FC5DDBB00A812D8 /* ViewControllableMock.swift */ = {isa = PBXFileReference; lastKnownFileType = sourcecode.swift; path = ViewControllableMock.swift; sourceTree = "<group>"; };
		EE5A9ED51FC5DF3F00A812D8 /* SubredditViewControllerMock.swift */ = {isa = PBXFileReference; lastKnownFileType = sourcecode.swift; path = SubredditViewControllerMock.swift; sourceTree = "<group>"; };
		EE5D1E531F83F49B00EAA5FD /* LinkViewTest.swift */ = {isa = PBXFileReference; fileEncoding = 4; lastKnownFileType = sourcecode.swift; path = LinkViewTest.swift; sourceTree = "<group>"; };
		EE5D1E541F83F49B00EAA5FD /* UrlLinkTableViewCellTest.swift */ = {isa = PBXFileReference; fileEncoding = 4; lastKnownFileType = sourcecode.swift; path = UrlLinkTableViewCellTest.swift; sourceTree = "<group>"; };
		EE6D84721F519A9800508361 /* Progressable.swift */ = {isa = PBXFileReference; fileEncoding = 4; lastKnownFileType = sourcecode.swift; path = Progressable.swift; sourceTree = "<group>"; };
		EE7662A31F5C3FB1006987BC /* RxBlocking.framework */ = {isa = PBXFileReference; lastKnownFileType = wrapper.framework; name = RxBlocking.framework; path = Carthage/Build/iOS/RxBlocking.framework; sourceTree = "<group>"; };
		EE7662A41F5C3FB1006987BC /* RxCocoa.framework */ = {isa = PBXFileReference; lastKnownFileType = wrapper.framework; name = RxCocoa.framework; path = Carthage/Build/iOS/RxCocoa.framework; sourceTree = "<group>"; };
		EE7662A51F5C3FB1006987BC /* RxSwift.framework */ = {isa = PBXFileReference; lastKnownFileType = wrapper.framework; name = RxSwift.framework; path = Carthage/Build/iOS/RxSwift.framework; sourceTree = "<group>"; };
		EE787F3E203DD2D400544ECF /* UrlLinkView.swift */ = {isa = PBXFileReference; lastKnownFileType = sourcecode.swift; path = UrlLinkView.swift; sourceTree = "<group>"; };
		EE787F40203DD2F500544ECF /* ImageLinkView.swift */ = {isa = PBXFileReference; lastKnownFileType = sourcecode.swift; path = ImageLinkView.swift; sourceTree = "<group>"; };
		EE7E74821F4AFEA700C9B623 /* ImageTest.swift */ = {isa = PBXFileReference; fileEncoding = 4; lastKnownFileType = sourcecode.swift; path = ImageTest.swift; sourceTree = "<group>"; };
		EE7E74841F4B049100C9B623 /* PreviewImageTest.swift */ = {isa = PBXFileReference; fileEncoding = 4; lastKnownFileType = sourcecode.swift; path = PreviewImageTest.swift; sourceTree = "<group>"; };
		EE8B47EB1FB4B74200F4C0CB /* SnapKit.framework */ = {isa = PBXFileReference; lastKnownFileType = wrapper.framework; name = SnapKit.framework; path = Carthage/Build/iOS/SnapKit.framework; sourceTree = "<group>"; };
		EE9F4FBE1FCDCFAC006B27A6 /* DictionaryHelper.swift */ = {isa = PBXFileReference; lastKnownFileType = sourcecode.swift; path = DictionaryHelper.swift; sourceTree = "<group>"; };
		EEA21B351FCC59AB00089504 /* RedditAnyKeys.swift */ = {isa = PBXFileReference; lastKnownFileType = sourcecode.swift; path = RedditAnyKeys.swift; sourceTree = "<group>"; };
		EEACD4A12018CC7700FE21F1 /* VoteViewTest.swift */ = {isa = PBXFileReference; lastKnownFileType = sourcecode.swift; path = VoteViewTest.swift; sourceTree = "<group>"; };
		EEACD4A32018CCE000FE21F1 /* VoteView.swift */ = {isa = PBXFileReference; lastKnownFileType = sourcecode.swift; path = VoteView.swift; sourceTree = "<group>"; };
		EEB32C971FA229A600F414E8 /* ImageLinkTableViewCell.swift */ = {isa = PBXFileReference; fileEncoding = 4; lastKnownFileType = sourcecode.swift; path = ImageLinkTableViewCell.swift; sourceTree = "<group>"; };
		EEB32C991FA229A600F414E8 /* UrlLinkTableViewCell.swift */ = {isa = PBXFileReference; fileEncoding = 4; lastKnownFileType = sourcecode.swift; path = UrlLinkTableViewCell.swift; sourceTree = "<group>"; };
		EEB6A916201A2487002094F0 /* Theme.swift */ = {isa = PBXFileReference; lastKnownFileType = sourcecode.swift; path = Theme.swift; sourceTree = "<group>"; };
		EEB7F3152030906200DFAB50 /* LinkActionsView.swift */ = {isa = PBXFileReference; lastKnownFileType = sourcecode.swift; path = LinkActionsView.swift; sourceTree = "<group>"; };
		EEB7F317203096E900DFAB50 /* LinkInfoView.swift */ = {isa = PBXFileReference; lastKnownFileType = sourcecode.swift; path = LinkInfoView.swift; sourceTree = "<group>"; };
		EEB7F31920309A3100DFAB50 /* LinkView.swift */ = {isa = PBXFileReference; lastKnownFileType = sourcecode.swift; path = LinkView.swift; sourceTree = "<group>"; };
		EEBE3AE61FE18E3F00CF92FF /* SnapKit+SafeAreaLayout.swift */ = {isa = PBXFileReference; lastKnownFileType = sourcecode.swift; path = "SnapKit+SafeAreaLayout.swift"; sourceTree = "<group>"; };
		EEC7CB6F1FC1E4C40051097F /* ThingDetailBuilder.swift */ = {isa = PBXFileReference; lastKnownFileType = sourcecode.swift; path = ThingDetailBuilder.swift; sourceTree = "<group>"; };
		EEC7CB701FC1E4C40051097F /* ThingDetailInteractor.swift */ = {isa = PBXFileReference; lastKnownFileType = sourcecode.swift; path = ThingDetailInteractor.swift; sourceTree = "<group>"; };
		EEC7CB711FC1E4C40051097F /* ThingDetailRouter.swift */ = {isa = PBXFileReference; lastKnownFileType = sourcecode.swift; path = ThingDetailRouter.swift; sourceTree = "<group>"; };
		EEC7CB721FC1E4C40051097F /* ThingDetailViewController.swift */ = {isa = PBXFileReference; lastKnownFileType = sourcecode.swift; path = ThingDetailViewController.swift; sourceTree = "<group>"; };
		EEC7CB771FC1E51F0051097F /* SubredditBuilder.swift */ = {isa = PBXFileReference; lastKnownFileType = sourcecode.swift; path = SubredditBuilder.swift; sourceTree = "<group>"; };
		EEC7CB791FC1E51F0051097F /* SubredditRouter.swift */ = {isa = PBXFileReference; lastKnownFileType = sourcecode.swift; path = SubredditRouter.swift; sourceTree = "<group>"; };
		EEC7CB7A1FC1E51F0051097F /* SubredditViewController.swift */ = {isa = PBXFileReference; lastKnownFileType = sourcecode.swift; path = SubredditViewController.swift; sourceTree = "<group>"; };
		EEC7CB801FC1E6900051097F /* RootBuilder.swift */ = {isa = PBXFileReference; lastKnownFileType = sourcecode.swift; path = RootBuilder.swift; sourceTree = "<group>"; };
		EEC7CB811FC1E6900051097F /* RootInteractor.swift */ = {isa = PBXFileReference; lastKnownFileType = sourcecode.swift; path = RootInteractor.swift; sourceTree = "<group>"; };
		EEC7CB821FC1E6900051097F /* RootRouter.swift */ = {isa = PBXFileReference; lastKnownFileType = sourcecode.swift; path = RootRouter.swift; sourceTree = "<group>"; };
		EEC7CB831FC1E6900051097F /* RootViewController.swift */ = {isa = PBXFileReference; lastKnownFileType = sourcecode.swift; path = RootViewController.swift; sourceTree = "<group>"; };
		EEC7CB881FC1EA400051097F /* RootComponent+Listing.swift */ = {isa = PBXFileReference; lastKnownFileType = sourcecode.swift; path = "RootComponent+Listing.swift"; sourceTree = "<group>"; };
		EEC7CB8A1FC1ED2E0051097F /* AppComponent.swift */ = {isa = PBXFileReference; lastKnownFileType = sourcecode.swift; path = AppComponent.swift; sourceTree = "<group>"; };
		EED4440A1FC1E02D0027145D /* RIBs.framework */ = {isa = PBXFileReference; lastKnownFileType = wrapper.framework; name = RIBs.framework; path = Carthage/Build/iOS/RIBs.framework; sourceTree = "<group>"; };
		EED4440C1FC1E04D0027145D /* RIBs.framework */ = {isa = PBXFileReference; lastKnownFileType = wrapper.framework; name = RIBs.framework; path = Carthage/Build/iOS/RIBs.framework; sourceTree = "<group>"; };
		EED469751F3CCA08006759D1 /* Reddit.app */ = {isa = PBXFileReference; explicitFileType = wrapper.application; includeInIndex = 0; path = Reddit.app; sourceTree = BUILT_PRODUCTS_DIR; };
		EED469781F3CCA08006759D1 /* AppDelegate.swift */ = {isa = PBXFileReference; lastKnownFileType = sourcecode.swift; path = AppDelegate.swift; sourceTree = "<group>"; };
		EED4697F1F3CCA08006759D1 /* Assets.xcassets */ = {isa = PBXFileReference; lastKnownFileType = folder.assetcatalog; path = Assets.xcassets; sourceTree = "<group>"; };
		EED469821F3CCA08006759D1 /* Base */ = {isa = PBXFileReference; lastKnownFileType = file.storyboard; name = Base; path = Base.lproj/LaunchScreen.storyboard; sourceTree = "<group>"; };
		EED469841F3CCA08006759D1 /* Info.plist */ = {isa = PBXFileReference; lastKnownFileType = text.plist.xml; path = Info.plist; sourceTree = "<group>"; };
		EED469891F3CCA08006759D1 /* RedditTests.xctest */ = {isa = PBXFileReference; explicitFileType = wrapper.cfbundle; includeInIndex = 0; path = RedditTests.xctest; sourceTree = BUILT_PRODUCTS_DIR; };
		EED4698D1F3CCA08006759D1 /* RedditTests.swift */ = {isa = PBXFileReference; lastKnownFileType = sourcecode.swift; path = RedditTests.swift; sourceTree = "<group>"; };
		EED4698F1F3CCA08006759D1 /* Info.plist */ = {isa = PBXFileReference; lastKnownFileType = text.plist.xml; path = Info.plist; sourceTree = "<group>"; };
		EED469941F3CCA08006759D1 /* RedditUITests.xctest */ = {isa = PBXFileReference; explicitFileType = wrapper.cfbundle; includeInIndex = 0; path = RedditUITests.xctest; sourceTree = BUILT_PRODUCTS_DIR; };
		EED469981F3CCA08006759D1 /* RedditUITests.swift */ = {isa = PBXFileReference; lastKnownFileType = sourcecode.swift; path = RedditUITests.swift; sourceTree = "<group>"; };
		EED4699A1F3CCA09006759D1 /* Info.plist */ = {isa = PBXFileReference; lastKnownFileType = text.plist.xml; path = Info.plist; sourceTree = "<group>"; };
		EED5793A1F481601006AA6C7 /* Votable.swift */ = {isa = PBXFileReference; fileEncoding = 4; lastKnownFileType = sourcecode.swift; path = Votable.swift; sourceTree = "<group>"; };
		EED5793C1F48163A006AA6C7 /* Created.swift */ = {isa = PBXFileReference; fileEncoding = 4; lastKnownFileType = sourcecode.swift; path = Created.swift; sourceTree = "<group>"; };
		EED6456B1F40A09500BA46B2 /* Kind.swift */ = {isa = PBXFileReference; fileEncoding = 4; lastKnownFileType = sourcecode.swift; path = Kind.swift; sourceTree = "<group>"; };
		EED6456C1F40A09500BA46B2 /* Link.swift */ = {isa = PBXFileReference; fileEncoding = 4; lastKnownFileType = sourcecode.swift; path = Link.swift; sourceTree = "<group>"; };
		EED6456D1F40A09500BA46B2 /* Listing.swift */ = {isa = PBXFileReference; fileEncoding = 4; lastKnownFileType = sourcecode.swift; path = Listing.swift; sourceTree = "<group>"; };
		EED6456E1F40A09500BA46B2 /* Thing.swift */ = {isa = PBXFileReference; fileEncoding = 4; lastKnownFileType = sourcecode.swift; path = Thing.swift; sourceTree = "<group>"; };
		EED645841F40A3AC00BA46B2 /* Alamofire.framework */ = {isa = PBXFileReference; lastKnownFileType = wrapper.framework; name = Alamofire.framework; path = Carthage/Build/iOS/Alamofire.framework; sourceTree = "<group>"; };
		EED645851F40A3AC00BA46B2 /* AlamofireImage.framework */ = {isa = PBXFileReference; lastKnownFileType = wrapper.framework; name = AlamofireImage.framework; path = Carthage/Build/iOS/AlamofireImage.framework; sourceTree = "<group>"; };
		EEDBFC1B204463270056BD1B /* TitleLinkTableViewCell.swift */ = {isa = PBXFileReference; lastKnownFileType = sourcecode.swift; path = TitleLinkTableViewCell.swift; sourceTree = "<group>"; };
		EEDBFC1D204463BA0056BD1B /* TitleLinkView.swift */ = {isa = PBXFileReference; lastKnownFileType = sourcecode.swift; path = TitleLinkView.swift; sourceTree = "<group>"; };
		EEDBFC1F204468D80056BD1B /* ImageLinkViewProtocol.swift */ = {isa = PBXFileReference; lastKnownFileType = sourcecode.swift; path = ImageLinkViewProtocol.swift; sourceTree = "<group>"; };
		EEDBFC21204469180056BD1B /* UrlLinkViewProtocol.swift */ = {isa = PBXFileReference; lastKnownFileType = sourcecode.swift; path = UrlLinkViewProtocol.swift; sourceTree = "<group>"; };
		EEDBFC2320446B910056BD1B /* ViewContentHeightAdjustable.swift */ = {isa = PBXFileReference; lastKnownFileType = sourcecode.swift; path = ViewContentHeightAdjustable.swift; sourceTree = "<group>"; };
		EEDE30EC203DE1620085B7CA /* LinkViewPresenterTest.swift */ = {isa = PBXFileReference; lastKnownFileType = sourcecode.swift; path = LinkViewPresenterTest.swift; sourceTree = "<group>"; };
		EEE00EAC1FEF3AC600C5BE73 /* LoadingCell.swift */ = {isa = PBXFileReference; lastKnownFileType = sourcecode.swift; path = LoadingCell.swift; sourceTree = "<group>"; };
		EEF4917B1FEE4790009F310D /* RedditDetail.xib */ = {isa = PBXFileReference; lastKnownFileType = file.xib; path = RedditDetail.xib; sourceTree = "<group>"; };
		EEF69CBD1FD597A400AF1F46 /* RequestConfig.swift */ = {isa = PBXFileReference; fileEncoding = 4; lastKnownFileType = sourcecode.swift; path = RequestConfig.swift; sourceTree = "<group>"; };
		EEF69CC01FD597ED00AF1F46 /* RequestConfigTest.swift */ = {isa = PBXFileReference; fileEncoding = 4; lastKnownFileType = sourcecode.swift; path = RequestConfigTest.swift; sourceTree = "<group>"; };
		EEF69CC41FD5983200AF1F46 /* RedditRequestTest.swift */ = {isa = PBXFileReference; fileEncoding = 4; lastKnownFileType = sourcecode.swift; path = RedditRequestTest.swift; sourceTree = "<group>"; };
		EEF69CCA1FD59B9900AF1F46 /* SubredditService.swift */ = {isa = PBXFileReference; lastKnownFileType = sourcecode.swift; path = SubredditService.swift; sourceTree = "<group>"; };
		EEF69CD01FD59EC600AF1F46 /* NetworkAdapter.swift */ = {isa = PBXFileReference; lastKnownFileType = sourcecode.swift; path = NetworkAdapter.swift; sourceTree = "<group>"; };
		EEF9356A1FD85476003A5B6E /* Service.swift */ = {isa = PBXFileReference; lastKnownFileType = sourcecode.swift; path = Service.swift; sourceTree = "<group>"; };
		EEF9356C1FD85631003A5B6E /* RedditRequest.swift */ = {isa = PBXFileReference; lastKnownFileType = sourcecode.swift; path = RedditRequest.swift; sourceTree = "<group>"; };
		EEFFF11C1FC4899F004D1113 /* SubredditComponent+ThingDetail.swift */ = {isa = PBXFileReference; lastKnownFileType = sourcecode.swift; path = "SubredditComponent+ThingDetail.swift"; sourceTree = "<group>"; };
		F378069A08D95A02A0609730 /* AssetsLibrary.framework */ = {isa = PBXFileReference; lastKnownFileType = wrapper.framework; name = AssetsLibrary.framework; path = System/Library/Frameworks/AssetsLibrary.framework; sourceTree = SDKROOT; };
/* End PBXFileReference section */

/* Begin PBXFrameworksBuildPhase section */
		EED469721F3CCA08006759D1 /* Frameworks */ = {
			isa = PBXFrameworksBuildPhase;
			buildActionMask = 2147483647;
			files = (
				EE7662A61F5C3FB1006987BC /* RxBlocking.framework in Frameworks */,
				EE8B47ED1FB4B75100F4C0CB /* SnapKit.framework in Frameworks */,
				EED4440E1FC1E0550027145D /* RIBs.framework in Frameworks */,
				EED645891F40A3AC00BA46B2 /* Alamofire.framework in Frameworks */,
				EE19BA421F73F88A00F99974 /* RxSwift.framework in Frameworks */,
				EED6458B1F40A3AC00BA46B2 /* AlamofireImage.framework in Frameworks */,
				EE7662A81F5C3FB1006987BC /* RxCocoa.framework in Frameworks */,
				2637030BD0BB4B634FDA3A39 /* BuddyBuildSDK.framework in Frameworks */,
				2BF6C4205ED11C452D4727B6 /* AssetsLibrary.framework in Frameworks */,
				34558AD8953DBBC3C4633693 /* CoreText.framework in Frameworks */,
				A5E001464D3EBE5B6C3992F7 /* CoreTelephony.framework in Frameworks */,
				556C44DCF771776F523D81A9 /* SystemConfiguration.framework in Frameworks */,
				51C172943AC6A38199D707FF /* QuartzCore.framework in Frameworks */,
				617DEA6C543387B78781239B /* AVFoundation.framework in Frameworks */,
				527F09F4ED5A4398A745E916 /* CoreMedia.framework in Frameworks */,
				C836645023074141E9A8316D /* CoreVideo.framework in Frameworks */,
			);
			runOnlyForDeploymentPostprocessing = 0;
		};
		EED469861F3CCA08006759D1 /* Frameworks */ = {
			isa = PBXFrameworksBuildPhase;
			buildActionMask = 2147483647;
			files = (
			);
			runOnlyForDeploymentPostprocessing = 0;
		};
		EED469911F3CCA08006759D1 /* Frameworks */ = {
			isa = PBXFrameworksBuildPhase;
			buildActionMask = 2147483647;
			files = (
			);
			runOnlyForDeploymentPostprocessing = 0;
		};
/* End PBXFrameworksBuildPhase section */

/* Begin PBXGroup section */
		EE04AD0B1F4B321900DAD0C6 /* Sections */ = {
			isa = PBXGroup;
			children = (
				EE04AD0E1F4B326800DAD0C6 /* SubredditSection.swift */,
			);
			path = Sections;
			sourceTree = "<group>";
		};
		EE0B962F1FD05A7E00E38284 /* ModelMocks */ = {
			isa = PBXGroup;
			children = (
				EE3B85C4200E5B2400B5A6B4 /* CommentDataMock.swift */,
				EE0B96301FD05A8400E38284 /* LinkDataMock.swift */,
				EE35A3802011013B001FCB38 /* PreviewDataMock.swift */,
			);
			path = ModelMocks;
			sourceTree = "<group>";
		};
		EE1EB0FE1FC94527007978DB /* CardAnimator */ = {
			isa = PBXGroup;
			children = (
				EE1EB0FF1FC94527007978DB /* CardPresentationAnimator.swift */,
				EE1EB1001FC94527007978DB /* CardPresentationController.swift */,
				EE1EB1011FC94527007978DB /* CardTransitioningDelegate.swift */,
			);
			path = CardAnimator;
			sourceTree = "<group>";
		};
		EE2541541F740615007DFF61 /* Common */ = {
			isa = PBXGroup;
			children = (
				EE2541571F740636007DFF61 /* Date+ExtensionsTest.swift */,
			);
			path = Common;
			sourceTree = "<group>";
		};
		EE25AF761FD97F87003A3C32 /* Endpoints */ = {
			isa = PBXGroup;
			children = (
				EE25AF771FD97F9D003A3C32 /* Endpoint.swift */,
				EE25AF7B1FD97FD3003A3C32 /* SubredditEndpoint.swift */,
			);
			path = Endpoints;
			sourceTree = "<group>";
		};
		EE299CB31F434DF700733426 /* Model */ = {
			isa = PBXGroup;
			children = (
				EE3B85C0200E574900B5A6B4 /* ArticleTest.swift */,
				EE3B85C2200E5A6C00B5A6B4 /* CommentTest.swift */,
				EE7E74821F4AFEA700C9B623 /* ImageTest.swift */,
				EE299CB41F434DF700733426 /* LinkTest.swift */,
				EE299CB51F434DF700733426 /* ListingTest.swift */,
				EE59ECEB1F7803BD00229774 /* PostHintTest.swift */,
				EE7E74841F4B049100C9B623 /* PreviewImageTest.swift */,
				EE0B962F1FD05A7E00E38284 /* ModelMocks */,
			);
			path = Model;
			sourceTree = "<group>";
		};
		EE299CB71F434DF700733426 /* Services */ = {
			isa = PBXGroup;
			children = (
				EE25AF851FD994D9003A3C32 /* SubredditServiceTest.swift */,
			);
			path = Services;
			sourceTree = "<group>";
		};
		EE2A661F1F41CA4A00A8F9BF /* DataLayer */ = {
			isa = PBXGroup;
			children = (
				EE9F4FBE1FCDCFAC006B27A6 /* DictionaryHelper.swift */,
				EE3999F21F44B67200AF003D /* Endpoints */,
				EE299CB31F434DF700733426 /* Model */,
				EEF491741FEE415A009F310D /* NetworkAdapter */,
				EEF69CBF1FD597ED00AF1F46 /* RequestConfig */,
				EEF69CC21FD5983200AF1F46 /* Requests */,
				EE299CB71F434DF700733426 /* Services */,
			);
			path = DataLayer;
			sourceTree = "<group>";
		};
		EE306DA81FC733CD0012DC43 /* ThingDetail */ = {
			isa = PBXGroup;
			children = (
				EE306DA91FC733F90012DC43 /* ThingDetailInteractorTest.swift */,
			);
			path = ThingDetail;
			sourceTree = "<group>";
		};
		EE3999F21F44B67200AF003D /* Endpoints */ = {
			isa = PBXGroup;
			children = (
				EE25AF871FD99DF3003A3C32 /* SubredditEndpointTest.swift */,
			);
			path = Endpoints;
			sourceTree = "<group>";
		};
		EE5A9ECC1FC5DCF800A812D8 /* Subreddit */ = {
			isa = PBXGroup;
			children = (
				EE5A9ED11FC5DD4100A812D8 /* SubredditInteractorMock.swift */,
				EE5A9ECD1FC5DD1D00A812D8 /* SubredditServiceMock.swift */,
				EE5A9ED51FC5DF3F00A812D8 /* SubredditViewControllerMock.swift */,
			);
			path = Subreddit;
			sourceTree = "<group>";
		};
		EE5D1E4D1F83F49B00EAA5FD /* Subreddit */ = {
			isa = PBXGroup;
			children = (
				EE5A9EC61FC5D71300A812D8 /* SubredditInteractorTest.swift */,
				EEDE30EC203DE1620085B7CA /* LinkViewPresenterTest.swift */,
				EE5A9EC81FC5D7AC00A812D8 /* SubredditViewControllerTest.swift */,
				EEDBFC1A20445D2D0056BD1B /* Presenter */,
				EE5D1E501F83F49B00EAA5FD /* View */,
			);
			path = Subreddit;
			sourceTree = "<group>";
		};
		EE5D1E501F83F49B00EAA5FD /* View */ = {
			isa = PBXGroup;
			children = (
				EE5D1E511F83F49B00EAA5FD /* Components */,
			);
			path = View;
			sourceTree = "<group>";
		};
		EE5D1E511F83F49B00EAA5FD /* Components */ = {
			isa = PBXGroup;
			children = (
				EE5D1E531F83F49B00EAA5FD /* LinkViewTest.swift */,
				EE5D1E541F83F49B00EAA5FD /* UrlLinkTableViewCellTest.swift */,
			);
			path = Components;
			sourceTree = "<group>";
		};
		EE6D84711F519A8F00508361 /* Common */ = {
			isa = PBXGroup;
			children = (
				EE6D84721F519A9800508361 /* Progressable.swift */,
				EE2541521F74044F007DFF61 /* Date+Extensions.swift */,
				EE4BCB5B1FA89C7F00C7BEC5 /* UIKitExtensions.swift */,
				EEBE3AE61FE18E3F00CF92FF /* SnapKit+SafeAreaLayout.swift */,
			);
			path = Common;
			sourceTree = "<group>";
		};
		EEACD49F2018CBAB00FE21F1 /* Components */ = {
			isa = PBXGroup;
			children = (
				EEACD4A32018CCE000FE21F1 /* VoteView.swift */,
			);
			path = Components;
			sourceTree = "<group>";
		};
		EEACD4A02018CBC200FE21F1 /* Components */ = {
			isa = PBXGroup;
			children = (
				EEACD4A12018CC7700FE21F1 /* VoteViewTest.swift */,
			);
			path = Components;
			sourceTree = "<group>";
		};
		EEB32C961FA2298700F414E8 /* Cells */ = {
			isa = PBXGroup;
			children = (
				EEB32C971FA229A600F414E8 /* ImageLinkTableViewCell.swift */,
				EEDBFC1B204463270056BD1B /* TitleLinkTableViewCell.swift */,
				EEB32C991FA229A600F414E8 /* UrlLinkTableViewCell.swift */,
				EEE00EAC1FEF3AC600C5BE73 /* LoadingCell.swift */,
			);
			path = Cells;
			sourceTree = "<group>";
		};
		EEB67C9F1F406D7F0088646C /* Modules */ = {
			isa = PBXGroup;
			children = (
				EE6D84711F519A8F00508361 /* Common */,
				EEACD49F2018CBAB00FE21F1 /* Components */,
				EED645671F40A09500BA46B2 /* DataLayer */,
				EEC7CB7F1FC1E6850051097F /* Root */,
				EED645711F40A09500BA46B2 /* Subreddit */,
				EEB6A915201A2460002094F0 /* ThemeManager */,
				EEC7CB6E1FC1E4B30051097F /* ThingDetail */,
			);
			path = Modules;
			sourceTree = "<group>";
		};
		EEB67CAD1F406DF80088646C /* Modules */ = {
			isa = PBXGroup;
			children = (
				EE2541541F740615007DFF61 /* Common */,
				EEACD4A02018CBC200FE21F1 /* Components */,
				EE2A661F1F41CA4A00A8F9BF /* DataLayer */,
				EED6D6F81FA233230029EF9A /* Mocks */,
				EE5D1E4D1F83F49B00EAA5FD /* Subreddit */,
				EE306DA81FC733CD0012DC43 /* ThingDetail */,
			);
			path = Modules;
			sourceTree = "<group>";
		};
		EEB6A915201A2460002094F0 /* ThemeManager */ = {
			isa = PBXGroup;
			children = (
				EEB6A916201A2487002094F0 /* Theme.swift */,
			);
			path = ThemeManager;
			sourceTree = "<group>";
		};
		EEC7CB6E1FC1E4B30051097F /* ThingDetail */ = {
			isa = PBXGroup;
			children = (
				EEC7CB6F1FC1E4C40051097F /* ThingDetailBuilder.swift */,
				EEC7CB701FC1E4C40051097F /* ThingDetailInteractor.swift */,
				EEC7CB711FC1E4C40051097F /* ThingDetailRouter.swift */,
				EEC7CB721FC1E4C40051097F /* ThingDetailViewController.swift */,
			);
			path = ThingDetail;
			sourceTree = "<group>";
		};
		EEC7CB7F1FC1E6850051097F /* Root */ = {
			isa = PBXGroup;
			children = (
				EEC7CB801FC1E6900051097F /* RootBuilder.swift */,
				EEC7CB881FC1EA400051097F /* RootComponent+Listing.swift */,
				EEC7CB811FC1E6900051097F /* RootInteractor.swift */,
				EEC7CB821FC1E6900051097F /* RootRouter.swift */,
				EEC7CB831FC1E6900051097F /* RootViewController.swift */,
			);
			path = Root;
			sourceTree = "<group>";
		};
		EED4696C1F3CCA08006759D1 = {
			isa = PBXGroup;
			children = (
				EED469771F3CCA08006759D1 /* Reddit */,
				EED4698C1F3CCA08006759D1 /* RedditTests */,
				EED469971F3CCA08006759D1 /* RedditUITests */,
				EED469761F3CCA08006759D1 /* Products */,
				EED46A081F3CCB72006759D1 /* Frameworks */,
				C80A899709A4ACFFB98A5024 /* Bridging-Header.h */,
			);
			sourceTree = "<group>";
		};
		EED469761F3CCA08006759D1 /* Products */ = {
			isa = PBXGroup;
			children = (
				EED469751F3CCA08006759D1 /* Reddit.app */,
				EED469891F3CCA08006759D1 /* RedditTests.xctest */,
				EED469941F3CCA08006759D1 /* RedditUITests.xctest */,
			);
			name = Products;
			sourceTree = "<group>";
		};
		EED469771F3CCA08006759D1 /* Reddit */ = {
			isa = PBXGroup;
			children = (
				EED469841F3CCA08006759D1 /* Info.plist */,
				EEC7CB8A1FC1ED2E0051097F /* AppComponent.swift */,
				EED469781F3CCA08006759D1 /* AppDelegate.swift */,
				EED4697F1F3CCA08006759D1 /* Assets.xcassets */,
				EEF4917B1FEE4790009F310D /* RedditDetail.xib */,
				EED469811F3CCA08006759D1 /* LaunchScreen.storyboard */,
				EEB67C9F1F406D7F0088646C /* Modules */,
			);
			path = Reddit;
			sourceTree = "<group>";
		};
		EED4698C1F3CCA08006759D1 /* RedditTests */ = {
			isa = PBXGroup;
			children = (
				EEB67CAD1F406DF80088646C /* Modules */,
				EED4698D1F3CCA08006759D1 /* RedditTests.swift */,
				EED4698F1F3CCA08006759D1 /* Info.plist */,
			);
			path = RedditTests;
			sourceTree = "<group>";
		};
		EED469971F3CCA08006759D1 /* RedditUITests */ = {
			isa = PBXGroup;
			children = (
				EED469981F3CCA08006759D1 /* RedditUITests.swift */,
				EED4699A1F3CCA09006759D1 /* Info.plist */,
			);
			path = RedditUITests;
			sourceTree = "<group>";
		};
		EED46A081F3CCB72006759D1 /* Frameworks */ = {
			isa = PBXGroup;
			children = (
				EED4440C1FC1E04D0027145D /* RIBs.framework */,
				EED645841F40A3AC00BA46B2 /* Alamofire.framework */,
				EED645851F40A3AC00BA46B2 /* AlamofireImage.framework */,
				EED4440A1FC1E02D0027145D /* RIBs.framework */,
				EE7662A31F5C3FB1006987BC /* RxBlocking.framework */,
				EE7662A41F5C3FB1006987BC /* RxCocoa.framework */,
				EE7662A51F5C3FB1006987BC /* RxSwift.framework */,
				EE8B47EB1FB4B74200F4C0CB /* SnapKit.framework */,
				9BEAA89A6974654BF8341007 /* BuddyBuildSDK.framework */,
				F378069A08D95A02A0609730 /* AssetsLibrary.framework */,
				472C65A8961505DC54A0A524 /* CoreText.framework */,
				BFF79175AD9828A77B67ED25 /* CoreTelephony.framework */,
				03977BF7B5F894E4F1D32612 /* SystemConfiguration.framework */,
				251679B075BB9B297CC54DEE /* QuartzCore.framework */,
				8C2B1902362757C0624F7375 /* AVFoundation.framework */,
				376393EFC9A0DC7B6FF6AEB7 /* CoreMedia.framework */,
				5B75C5E861ECC3FED50AAE7A /* CoreVideo.framework */,
			);
			name = Frameworks;
			sourceTree = "<group>";
		};
		EED5793E1F481A42006AA6C7 /* Components */ = {
			isa = PBXGroup;
			children = (
				EEB7F31920309A3100DFAB50 /* LinkView.swift */,
				EEB7F3152030906200DFAB50 /* LinkActionsView.swift */,
				EEB7F317203096E900DFAB50 /* LinkInfoView.swift */,
				EE787F3E203DD2D400544ECF /* UrlLinkView.swift */,
				EE787F40203DD2F500544ECF /* ImageLinkView.swift */,
				EE040820203DDA9D0047D05C /* ILinkCell.swift */,
				EEDBFC1D204463BA0056BD1B /* TitleLinkView.swift */,
				EEDBFC1F204468D80056BD1B /* ImageLinkViewProtocol.swift */,
				EEDBFC21204469180056BD1B /* UrlLinkViewProtocol.swift */,
				EEDBFC2320446B910056BD1B /* ViewContentHeightAdjustable.swift */,
			);
			path = Components;
			sourceTree = "<group>";
		};
		EED645671F40A09500BA46B2 /* DataLayer */ = {
			isa = PBXGroup;
			children = (
				EE25AF761FD97F87003A3C32 /* Endpoints */,
				EED6456A1F40A09500BA46B2 /* Models */,
				EEF69CCE1FD59E8600AF1F46 /* NetworkAdapter */,
				EEF69CC71FD5984C00AF1F46 /* Request */,
				EEF69CBC1FD597A400AF1F46 /* RequestConfig */,
				EED6456F1F40A09500BA46B2 /* Services */,
			);
			path = DataLayer;
			sourceTree = "<group>";
		};
		EED6456A1F40A09500BA46B2 /* Models */ = {
			isa = PBXGroup;
			children = (
				EE3B85C6200E64FA00B5A6B4 /* Comment.swift */,
				EED5793C1F48163A006AA6C7 /* Created.swift */,
				EE4B97181F4936BB00FAEECA /* Image.swift */,
				EE4B971A1F4936EC00FAEECA /* ImageInfo.swift */,
				EED6456B1F40A09500BA46B2 /* Kind.swift */,
				EED6456C1F40A09500BA46B2 /* Link.swift */,
				EED6456D1F40A09500BA46B2 /* Listing.swift */,
				EE59ECE71F77FFC000229774 /* PostHint.swift */,
				EE4B971E1F4937AD00FAEECA /* PreviewImages.swift */,
				EEA21B351FCC59AB00089504 /* RedditAnyKeys.swift */,
				EED6456E1F40A09500BA46B2 /* Thing.swift */,
				EED5793A1F481601006AA6C7 /* Votable.swift */,
			);
			path = Models;
			sourceTree = "<group>";
		};
		EED6456F1F40A09500BA46B2 /* Services */ = {
			isa = PBXGroup;
			children = (
				EEF9356A1FD85476003A5B6E /* Service.swift */,
				EE25AF7D1FD989EB003A3C32 /* ServiceFactory.swift */,
				EEF69CCA1FD59B9900AF1F46 /* SubredditService.swift */,
			);
			path = Services;
			sourceTree = "<group>";
		};
		EED645711F40A09500BA46B2 /* Subreddit */ = {
			isa = PBXGroup;
			children = (
				EEC7CB771FC1E51F0051097F /* SubredditBuilder.swift */,
				EEFFF11C1FC4899F004D1113 /* SubredditComponent+ThingDetail.swift */,
				EE25AF7F1FD98C34003A3C32 /* SubredditInteractor.swift */,
				EE3CFA2D203BACF000EC0437 /* LinkViewPresenter.swift */,
				EEC7CB791FC1E51F0051097F /* SubredditRouter.swift */,
				EEC7CB7A1FC1E51F0051097F /* SubredditViewController.swift */,
				EE1EB0FE1FC94527007978DB /* CardAnimator */,
				EE04AD0B1F4B321900DAD0C6 /* Sections */,
				EED645771F40A09500BA46B2 /* View */,
			);
			path = Subreddit;
			sourceTree = "<group>";
		};
		EED645771F40A09500BA46B2 /* View */ = {
			isa = PBXGroup;
			children = (
				EEB32C961FA2298700F414E8 /* Cells */,
				EED5793E1F481A42006AA6C7 /* Components */,
			);
			path = View;
			sourceTree = "<group>";
		};
		EED6D6F81FA233230029EF9A /* Mocks */ = {
			isa = PBXGroup;
			children = (
				EE25AF831FD99291003A3C32 /* EndpointMock.swift */,
				EE5A9ED31FC5DDBB00A812D8 /* ViewControllableMock.swift */,
				EE5A9ECC1FC5DCF800A812D8 /* Subreddit */,
			);
			path = Mocks;
			sourceTree = "<group>";
		};
		EEDBFC1A20445D2D0056BD1B /* Presenter */ = {
			isa = PBXGroup;
			children = (
			);
			path = Presenter;
			sourceTree = "<group>";
		};
		EEF491741FEE415A009F310D /* NetworkAdapter */ = {
			isa = PBXGroup;
			children = (
			);
			name = NetworkAdapter;
			path = Reddit/Modules/DataLayer/NetworkAdapter;
			sourceTree = SOURCE_ROOT;
		};
		EEF69CBC1FD597A400AF1F46 /* RequestConfig */ = {
			isa = PBXGroup;
			children = (
				EEF69CBD1FD597A400AF1F46 /* RequestConfig.swift */,
			);
			path = RequestConfig;
			sourceTree = "<group>";
		};
		EEF69CBF1FD597ED00AF1F46 /* RequestConfig */ = {
			isa = PBXGroup;
			children = (
				EEF69CC01FD597ED00AF1F46 /* RequestConfigTest.swift */,
			);
			path = RequestConfig;
			sourceTree = "<group>";
		};
		EEF69CC21FD5983200AF1F46 /* Requests */ = {
			isa = PBXGroup;
			children = (
				EEF69CC41FD5983200AF1F46 /* RedditRequestTest.swift */,
			);
			path = Requests;
			sourceTree = "<group>";
		};
		EEF69CC71FD5984C00AF1F46 /* Request */ = {
			isa = PBXGroup;
			children = (
				EEF9356C1FD85631003A5B6E /* RedditRequest.swift */,
				EE18496B1FD84D9300531ED7 /* Request.swift */,
			);
			path = Request;
			sourceTree = "<group>";
		};
		EEF69CCE1FD59E8600AF1F46 /* NetworkAdapter */ = {
			isa = PBXGroup;
			children = (
				EE25AF741FD97ED8003A3C32 /* AFNetworkAdapter.swift */,
				EEF69CD01FD59EC600AF1F46 /* NetworkAdapter.swift */,
			);
			path = NetworkAdapter;
			sourceTree = "<group>";
		};
/* End PBXGroup section */

/* Begin PBXNativeTarget section */
		EED469741F3CCA08006759D1 /* Reddit */ = {
			isa = PBXNativeTarget;
			buildConfigurationList = EED4699D1F3CCA09006759D1 /* Build configuration list for PBXNativeTarget "Reddit" */;
			buildPhases = (
				EED469711F3CCA08006759D1 /* Sources */,
				EED469721F3CCA08006759D1 /* Frameworks */,
				EED469731F3CCA08006759D1 /* Resources */,
				EE3B9DA11F404E1D00A77A2C /* Embed Frameworks */,
				EE2A66241F41CDB700A8F9BF /* ShellScript */,
				EE6B1DAD2014EDFD00E034DA /* ShellScript */,
			);
			buildRules = (
			);
			dependencies = (
			);
			name = Reddit;
			productName = Reddit;
			productReference = EED469751F3CCA08006759D1 /* Reddit.app */;
			productType = "com.apple.product-type.application";
		};
		EED469881F3CCA08006759D1 /* RedditTests */ = {
			isa = PBXNativeTarget;
			buildConfigurationList = EED469A01F3CCA09006759D1 /* Build configuration list for PBXNativeTarget "RedditTests" */;
			buildPhases = (
				EED469851F3CCA08006759D1 /* Sources */,
				EED469861F3CCA08006759D1 /* Frameworks */,
				EED469871F3CCA08006759D1 /* Resources */,
			);
			buildRules = (
			);
			dependencies = (
				EED4698B1F3CCA08006759D1 /* PBXTargetDependency */,
			);
			name = RedditTests;
			productName = RedditTests;
			productReference = EED469891F3CCA08006759D1 /* RedditTests.xctest */;
			productType = "com.apple.product-type.bundle.unit-test";
		};
		EED469931F3CCA08006759D1 /* RedditUITests */ = {
			isa = PBXNativeTarget;
			buildConfigurationList = EED469A31F3CCA09006759D1 /* Build configuration list for PBXNativeTarget "RedditUITests" */;
			buildPhases = (
				EED469901F3CCA08006759D1 /* Sources */,
				EED469911F3CCA08006759D1 /* Frameworks */,
				EED469921F3CCA08006759D1 /* Resources */,
			);
			buildRules = (
			);
			dependencies = (
				EED469961F3CCA08006759D1 /* PBXTargetDependency */,
			);
			name = RedditUITests;
			productName = RedditUITests;
			productReference = EED469941F3CCA08006759D1 /* RedditUITests.xctest */;
			productType = "com.apple.product-type.bundle.ui-testing";
		};
/* End PBXNativeTarget section */

/* Begin PBXProject section */
		EED4696D1F3CCA08006759D1 /* Project object */ = {
			isa = PBXProject;
			attributes = {
				LastSwiftUpdateCheck = 0830;
				LastUpgradeCheck = 0910;
				ORGANIZATIONNAME = "Ron Daryl Magno";
				TargetAttributes = {
					EED469741F3CCA08006759D1 = {
						CreatedOnToolsVersion = 8.3.3;
						DevelopmentTeam = 4529XPL542;
						LastSwiftMigration = 0900;
						ProvisioningStyle = Automatic;
					};
					EED469881F3CCA08006759D1 = {
						CreatedOnToolsVersion = 8.3.3;
						LastSwiftMigration = 0900;
						ProvisioningStyle = Automatic;
						TestTargetID = EED469741F3CCA08006759D1;
					};
					EED469931F3CCA08006759D1 = {
						CreatedOnToolsVersion = 8.3.3;
						LastSwiftMigration = 0900;
						ProvisioningStyle = Automatic;
						TestTargetID = EED469741F3CCA08006759D1;
					};
				};
			};
			buildConfigurationList = EED469701F3CCA08006759D1 /* Build configuration list for PBXProject "Reddit" */;
			compatibilityVersion = "Xcode 3.2";
			developmentRegion = English;
			hasScannedForEncodings = 0;
			knownRegions = (
				en,
				Base,
			);
			mainGroup = EED4696C1F3CCA08006759D1;
			productRefGroup = EED469761F3CCA08006759D1 /* Products */;
			projectDirPath = "";
			projectRoot = "";
			targets = (
				EED469741F3CCA08006759D1 /* Reddit */,
				EED469881F3CCA08006759D1 /* RedditTests */,
				EED469931F3CCA08006759D1 /* RedditUITests */,
			);
		};
/* End PBXProject section */

/* Begin PBXResourcesBuildPhase section */
		EED469731F3CCA08006759D1 /* Resources */ = {
			isa = PBXResourcesBuildPhase;
			buildActionMask = 2147483647;
			files = (
				EED469831F3CCA08006759D1 /* LaunchScreen.storyboard in Resources */,
				EEF4917C1FEE4790009F310D /* RedditDetail.xib in Resources */,
				EED469801F3CCA08006759D1 /* Assets.xcassets in Resources */,
			);
			runOnlyForDeploymentPostprocessing = 0;
		};
		EED469871F3CCA08006759D1 /* Resources */ = {
			isa = PBXResourcesBuildPhase;
			buildActionMask = 2147483647;
			files = (
			);
			runOnlyForDeploymentPostprocessing = 0;
		};
		EED469921F3CCA08006759D1 /* Resources */ = {
			isa = PBXResourcesBuildPhase;
			buildActionMask = 2147483647;
			files = (
			);
			runOnlyForDeploymentPostprocessing = 0;
		};
/* End PBXResourcesBuildPhase section */

/* Begin PBXShellScriptBuildPhase section */
		EE2A66241F41CDB700A8F9BF /* ShellScript */ = {
			isa = PBXShellScriptBuildPhase;
			buildActionMask = 2147483647;
			files = (
			);
			inputPaths = (
			);
			outputPaths = (
			);
			runOnlyForDeploymentPostprocessing = 0;
			shellPath = /bin/sh;
			shellScript = "if which swiftlint >/dev/null; then\n    swiftlint\nelse\n    echo \"warning: SwiftLint not installed, download from https://github.com/realm/SwiftLint\"\nfi";
		};
		EE6B1DAD2014EDFD00E034DA /* ShellScript */ = {
			isa = PBXShellScriptBuildPhase;
			buildActionMask = 8;
			files = (
			);
			inputPaths = (
			);
			outputPaths = (
			);
			runOnlyForDeploymentPostprocessing = 1;
			shellPath = /bin/sh;
			shellScript = "carthage-copy-frameworks";
		};
/* End PBXShellScriptBuildPhase section */

/* Begin PBXSourcesBuildPhase section */
		EED469711F3CCA08006759D1 /* Sources */ = {
			isa = PBXSourcesBuildPhase;
			buildActionMask = 2147483647;
			files = (
				EE787F41203DD2F500544ECF /* ImageLinkView.swift in Sources */,
				EE2541531F74044F007DFF61 /* Date+Extensions.swift in Sources */,
				EE25AF7C1FD97FD3003A3C32 /* SubredditEndpoint.swift in Sources */,
				EEC7CB861FC1E6900051097F /* RootRouter.swift in Sources */,
				EE18496C1FD84D9300531ED7 /* Request.swift in Sources */,
				EEC7CB8B1FC1ED2E0051097F /* AppComponent.swift in Sources */,
				EEC7CB851FC1E6900051097F /* RootInteractor.swift in Sources */,
				EEC7CB7E1FC1E51F0051097F /* SubredditViewController.swift in Sources */,
				EEC7CB841FC1E6900051097F /* RootBuilder.swift in Sources */,
				EEDBFC1E204463BA0056BD1B /* TitleLinkView.swift in Sources */,
				EEC7CB891FC1EA400051097F /* RootComponent+Listing.swift in Sources */,
				EE4B971B1F4936EC00FAEECA /* ImageInfo.swift in Sources */,
				EEF69CD11FD59EC600AF1F46 /* NetworkAdapter.swift in Sources */,
				EE4B971F1F4937AD00FAEECA /* PreviewImages.swift in Sources */,
				EEFFF11D1FC4899F004D1113 /* SubredditComponent+ThingDetail.swift in Sources */,
				EE04AD0F1F4B326800DAD0C6 /* SubredditSection.swift in Sources */,
				EE1EB1021FC94528007978DB /* CardPresentationAnimator.swift in Sources */,
				EE6D84731F519A9800508361 /* Progressable.swift in Sources */,
				EEC7CB741FC1E4C40051097F /* ThingDetailInteractor.swift in Sources */,
				EED469791F3CCA08006759D1 /* AppDelegate.swift in Sources */,
				EEB7F3162030906200DFAB50 /* LinkActionsView.swift in Sources */,
				EE1EB1041FC94528007978DB /* CardTransitioningDelegate.swift in Sources */,
				EE787F3F203DD2D400544ECF /* UrlLinkView.swift in Sources */,
				EE25AF7E1FD989EB003A3C32 /* ServiceFactory.swift in Sources */,
				EEDBFC2420446B910056BD1B /* ViewContentHeightAdjustable.swift in Sources */,
				EEA21B361FCC59AB00089504 /* RedditAnyKeys.swift in Sources */,
				EE25AF781FD97F9D003A3C32 /* Endpoint.swift in Sources */,
				EE3B85C7200E64FA00B5A6B4 /* Comment.swift in Sources */,
				EE25AF801FD98C34003A3C32 /* SubredditInteractor.swift in Sources */,
				EEB6A917201A2487002094F0 /* Theme.swift in Sources */,
				EE25AF751FD97ED8003A3C32 /* AFNetworkAdapter.swift in Sources */,
				EED6457D1F40A09500BA46B2 /* Listing.swift in Sources */,
				EE1EB1031FC94528007978DB /* CardPresentationController.swift in Sources */,
				EEDBFC20204468D80056BD1B /* ImageLinkViewProtocol.swift in Sources */,
				EEB32C9A1FA229A600F414E8 /* ImageLinkTableViewCell.swift in Sources */,
				EEDBFC1C204463270056BD1B /* TitleLinkTableViewCell.swift in Sources */,
				EEF9356D1FD85631003A5B6E /* RedditRequest.swift in Sources */,
				EEB7F318203096E900DFAB50 /* LinkInfoView.swift in Sources */,
				EEC7CB871FC1E6900051097F /* RootViewController.swift in Sources */,
				EEF69CCB1FD59B9900AF1F46 /* SubredditService.swift in Sources */,
				EED6457B1F40A09500BA46B2 /* Kind.swift in Sources */,
				EEC7CB761FC1E4C40051097F /* ThingDetailViewController.swift in Sources */,
				EEF69CBE1FD597A400AF1F46 /* RequestConfig.swift in Sources */,
				EE040821203DDA9D0047D05C /* ILinkCell.swift in Sources */,
				EEE00EAD1FEF3AC600C5BE73 /* LoadingCell.swift in Sources */,
				EEACD4A42018CCE000FE21F1 /* VoteView.swift in Sources */,
				EE4BCB5C1FA89C7F00C7BEC5 /* UIKitExtensions.swift in Sources */,
				EEC7CB751FC1E4C40051097F /* ThingDetailRouter.swift in Sources */,
				EE59ECE81F77FFC100229774 /* PostHint.swift in Sources */,
				EEC7CB7D1FC1E51F0051097F /* SubredditRouter.swift in Sources */,
				EEDBFC22204469180056BD1B /* UrlLinkViewProtocol.swift in Sources */,
				EED5793D1F48163A006AA6C7 /* Created.swift in Sources */,
				EE3CFA2E203BACF000EC0437 /* LinkViewPresenter.swift in Sources */,
				EEB32C9C1FA229A600F414E8 /* UrlLinkTableViewCell.swift in Sources */,
				EEC7CB7B1FC1E51F0051097F /* SubredditBuilder.swift in Sources */,
				EED6457E1F40A09500BA46B2 /* Thing.swift in Sources */,
				EEBE3AE71FE18E3F00CF92FF /* SnapKit+SafeAreaLayout.swift in Sources */,
				EEF9356B1FD85476003A5B6E /* Service.swift in Sources */,
				EEC7CB731FC1E4C40051097F /* ThingDetailBuilder.swift in Sources */,
				EED5793B1F481601006AA6C7 /* Votable.swift in Sources */,
				EE4B97191F4936BB00FAEECA /* Image.swift in Sources */,
				EEB7F31A20309A3100DFAB50 /* LinkView.swift in Sources */,
				EED6457C1F40A09500BA46B2 /* Link.swift in Sources */,
			);
			runOnlyForDeploymentPostprocessing = 0;
		};
		EED469851F3CCA08006759D1 /* Sources */ = {
			isa = PBXSourcesBuildPhase;
			buildActionMask = 2147483647;
			files = (
				EE5A9EC71FC5D71300A812D8 /* SubredditInteractorTest.swift in Sources */,
				EE3B85C3200E5A6C00B5A6B4 /* CommentTest.swift in Sources */,
				EE25AF881FD99DF3003A3C32 /* SubredditEndpointTest.swift in Sources */,
				EE5A9ED21FC5DD4100A812D8 /* SubredditInteractorMock.swift in Sources */,
				EEF69CC61FD5983200AF1F46 /* RedditRequestTest.swift in Sources */,
				EED4698E1F3CCA08006759D1 /* RedditTests.swift in Sources */,
				EE5A9ED61FC5DF3F00A812D8 /* SubredditViewControllerMock.swift in Sources */,
				EE5D1E571F83F49B00EAA5FD /* LinkViewTest.swift in Sources */,
				EE3B85C5200E5B2400B5A6B4 /* CommentDataMock.swift in Sources */,
				EE5A9EC91FC5D7AC00A812D8 /* SubredditViewControllerTest.swift in Sources */,
				EE7E74831F4AFEA700C9B623 /* ImageTest.swift in Sources */,
				EE25AF841FD99291003A3C32 /* EndpointMock.swift in Sources */,
				EE0B96311FD05A8400E38284 /* LinkDataMock.swift in Sources */,
				EE59ECEC1F7803BE00229774 /* PostHintTest.swift in Sources */,
				EE5A9ED41FC5DDBB00A812D8 /* ViewControllableMock.swift in Sources */,
				EE2541581F740636007DFF61 /* Date+ExtensionsTest.swift in Sources */,
				EE25AF861FD994D9003A3C32 /* SubredditServiceTest.swift in Sources */,
				EE5A9ECF1FC5DD1E00A812D8 /* SubredditServiceMock.swift in Sources */,
				EE299CB91F434DF700733426 /* ListingTest.swift in Sources */,
				EEDE30ED203DE1620085B7CA /* LinkViewPresenterTest.swift in Sources */,
				EE35A3812011013B001FCB38 /* PreviewDataMock.swift in Sources */,
				EE3B85C1200E574A00B5A6B4 /* ArticleTest.swift in Sources */,
				EE306DAA1FC733F90012DC43 /* ThingDetailInteractorTest.swift in Sources */,
				EE7E74851F4B049100C9B623 /* PreviewImageTest.swift in Sources */,
				EE299CB81F434DF700733426 /* LinkTest.swift in Sources */,
				EEACD4A22018CC7700FE21F1 /* VoteViewTest.swift in Sources */,
				EEF69CC11FD597ED00AF1F46 /* RequestConfigTest.swift in Sources */,
				EE9F4FBF1FCDCFAC006B27A6 /* DictionaryHelper.swift in Sources */,
				EE5D1E581F83F49B00EAA5FD /* UrlLinkTableViewCellTest.swift in Sources */,
			);
			runOnlyForDeploymentPostprocessing = 0;
		};
		EED469901F3CCA08006759D1 /* Sources */ = {
			isa = PBXSourcesBuildPhase;
			buildActionMask = 2147483647;
			files = (
				EED469991F3CCA08006759D1 /* RedditUITests.swift in Sources */,
			);
			runOnlyForDeploymentPostprocessing = 0;
		};
/* End PBXSourcesBuildPhase section */

/* Begin PBXTargetDependency section */
		EED4698B1F3CCA08006759D1 /* PBXTargetDependency */ = {
			isa = PBXTargetDependency;
			target = EED469741F3CCA08006759D1 /* Reddit */;
			targetProxy = EED4698A1F3CCA08006759D1 /* PBXContainerItemProxy */;
		};
		EED469961F3CCA08006759D1 /* PBXTargetDependency */ = {
			isa = PBXTargetDependency;
			target = EED469741F3CCA08006759D1 /* Reddit */;
			targetProxy = EED469951F3CCA08006759D1 /* PBXContainerItemProxy */;
		};
/* End PBXTargetDependency section */

/* Begin PBXVariantGroup section */
		EED469811F3CCA08006759D1 /* LaunchScreen.storyboard */ = {
			isa = PBXVariantGroup;
			children = (
				EED469821F3CCA08006759D1 /* Base */,
			);
			name = LaunchScreen.storyboard;
			sourceTree = "<group>";
		};
/* End PBXVariantGroup section */

/* Begin XCBuildConfiguration section */
		EED4699B1F3CCA09006759D1 /* Debug */ = {
			isa = XCBuildConfiguration;
			buildSettings = {
				ALWAYS_SEARCH_USER_PATHS = NO;
				CLANG_ANALYZER_NONNULL = YES;
				CLANG_ANALYZER_NUMBER_OBJECT_CONVERSION = YES_AGGRESSIVE;
				CLANG_CXX_LANGUAGE_STANDARD = "gnu++0x";
				CLANG_CXX_LIBRARY = "libc++";
				CLANG_ENABLE_MODULES = YES;
				CLANG_ENABLE_OBJC_ARC = YES;
				CLANG_WARN_BLOCK_CAPTURE_AUTORELEASING = YES;
				CLANG_WARN_BOOL_CONVERSION = YES;
				CLANG_WARN_COMMA = YES;
				CLANG_WARN_CONSTANT_CONVERSION = YES;
				CLANG_WARN_DIRECT_OBJC_ISA_USAGE = YES_ERROR;
				CLANG_WARN_DOCUMENTATION_COMMENTS = YES;
				CLANG_WARN_EMPTY_BODY = YES;
				CLANG_WARN_ENUM_CONVERSION = YES;
				CLANG_WARN_INFINITE_RECURSION = YES;
				CLANG_WARN_INT_CONVERSION = YES;
				CLANG_WARN_NON_LITERAL_NULL_CONVERSION = YES;
				CLANG_WARN_OBJC_LITERAL_CONVERSION = YES;
				CLANG_WARN_OBJC_ROOT_CLASS = YES_ERROR;
				CLANG_WARN_RANGE_LOOP_ANALYSIS = YES;
				CLANG_WARN_STRICT_PROTOTYPES = YES;
				CLANG_WARN_SUSPICIOUS_MOVE = YES;
				CLANG_WARN_UNREACHABLE_CODE = YES;
				CLANG_WARN__DUPLICATE_METHOD_MATCH = YES;
				"CODE_SIGN_IDENTITY[sdk=iphoneos*]" = "iPhone Developer";
				COPY_PHASE_STRIP = NO;
				DEBUG_INFORMATION_FORMAT = dwarf;
				ENABLE_STRICT_OBJC_MSGSEND = YES;
				ENABLE_TESTABILITY = YES;
				GCC_C_LANGUAGE_STANDARD = gnu99;
				GCC_DYNAMIC_NO_PIC = NO;
				GCC_NO_COMMON_BLOCKS = YES;
				GCC_OPTIMIZATION_LEVEL = 0;
				GCC_PREPROCESSOR_DEFINITIONS = (
					"DEBUG=1",
					"$(inherited)",
				);
				GCC_WARN_64_TO_32_BIT_CONVERSION = YES;
				GCC_WARN_ABOUT_RETURN_TYPE = YES_ERROR;
				GCC_WARN_UNDECLARED_SELECTOR = YES;
				GCC_WARN_UNINITIALIZED_AUTOS = YES_AGGRESSIVE;
				GCC_WARN_UNUSED_FUNCTION = YES;
				GCC_WARN_UNUSED_VARIABLE = YES;
				IPHONEOS_DEPLOYMENT_TARGET = 10;
				MTL_ENABLE_DEBUG_INFO = YES;
				ONLY_ACTIVE_ARCH = YES;
				SDKROOT = iphoneos;
				SWIFT_ACTIVE_COMPILATION_CONDITIONS = DEBUG;
				SWIFT_OPTIMIZATION_LEVEL = "-Onone";
				TARGETED_DEVICE_FAMILY = "1,2";
			};
			name = Debug;
		};
		EED4699C1F3CCA09006759D1 /* Release */ = {
			isa = XCBuildConfiguration;
			buildSettings = {
				ALWAYS_SEARCH_USER_PATHS = NO;
				CLANG_ANALYZER_NONNULL = YES;
				CLANG_ANALYZER_NUMBER_OBJECT_CONVERSION = YES_AGGRESSIVE;
				CLANG_CXX_LANGUAGE_STANDARD = "gnu++0x";
				CLANG_CXX_LIBRARY = "libc++";
				CLANG_ENABLE_MODULES = YES;
				CLANG_ENABLE_OBJC_ARC = YES;
				CLANG_WARN_BLOCK_CAPTURE_AUTORELEASING = YES;
				CLANG_WARN_BOOL_CONVERSION = YES;
				CLANG_WARN_COMMA = YES;
				CLANG_WARN_CONSTANT_CONVERSION = YES;
				CLANG_WARN_DIRECT_OBJC_ISA_USAGE = YES_ERROR;
				CLANG_WARN_DOCUMENTATION_COMMENTS = YES;
				CLANG_WARN_EMPTY_BODY = YES;
				CLANG_WARN_ENUM_CONVERSION = YES;
				CLANG_WARN_INFINITE_RECURSION = YES;
				CLANG_WARN_INT_CONVERSION = YES;
				CLANG_WARN_NON_LITERAL_NULL_CONVERSION = YES;
				CLANG_WARN_OBJC_LITERAL_CONVERSION = YES;
				CLANG_WARN_OBJC_ROOT_CLASS = YES_ERROR;
				CLANG_WARN_RANGE_LOOP_ANALYSIS = YES;
				CLANG_WARN_STRICT_PROTOTYPES = YES;
				CLANG_WARN_SUSPICIOUS_MOVE = YES;
				CLANG_WARN_UNREACHABLE_CODE = YES;
				CLANG_WARN__DUPLICATE_METHOD_MATCH = YES;
				"CODE_SIGN_IDENTITY[sdk=iphoneos*]" = "iPhone Developer";
				COPY_PHASE_STRIP = NO;
				DEBUG_INFORMATION_FORMAT = "dwarf-with-dsym";
				ENABLE_NS_ASSERTIONS = NO;
				ENABLE_STRICT_OBJC_MSGSEND = YES;
				GCC_C_LANGUAGE_STANDARD = gnu99;
				GCC_NO_COMMON_BLOCKS = YES;
				GCC_WARN_64_TO_32_BIT_CONVERSION = YES;
				GCC_WARN_ABOUT_RETURN_TYPE = YES_ERROR;
				GCC_WARN_UNDECLARED_SELECTOR = YES;
				GCC_WARN_UNINITIALIZED_AUTOS = YES_AGGRESSIVE;
				GCC_WARN_UNUSED_FUNCTION = YES;
				GCC_WARN_UNUSED_VARIABLE = YES;
				IPHONEOS_DEPLOYMENT_TARGET = 10;
				MTL_ENABLE_DEBUG_INFO = NO;
				SDKROOT = iphoneos;
				SWIFT_OPTIMIZATION_LEVEL = "-Owholemodule";
				TARGETED_DEVICE_FAMILY = "1,2";
				VALIDATE_PRODUCT = YES;
			};
			name = Release;
		};
		EED4699E1F3CCA09006759D1 /* Debug */ = {
			isa = XCBuildConfiguration;
			buildSettings = {
				ASSETCATALOG_COMPILER_APPICON_NAME = AppIcon;
				DEVELOPMENT_TEAM = 4529XPL542;
				FRAMEWORK_SEARCH_PATHS = (
					"$(inherited)",
					"$(PROJECT_DIR)/Carthage/Build/iOS",
					"$(PROJECT_DIR)",
				);
				INFOPLIST_FILE = Reddit/Info.plist;
				LD_RUNPATH_SEARCH_PATHS = "$(inherited) @executable_path/Frameworks";
				OTHER_SWIFT_FLAGS = "-Xfrontend -warn-long-expression-type-checking=200 -Onone";
				PRODUCT_BUNDLE_IDENTIFIER = com.ronzohan.Reddit;
				PRODUCT_NAME = "$(TARGET_NAME)";
				SWIFT_OBJC_BRIDGING_HEADER = "Bridging-Header.h";
				SWIFT_OPTIMIZATION_LEVEL = "-Owholemodule";
				SWIFT_VERSION = 4.0;
			};
			name = Debug;
		};
		EED4699F1F3CCA09006759D1 /* Release */ = {
			isa = XCBuildConfiguration;
			buildSettings = {
				ASSETCATALOG_COMPILER_APPICON_NAME = AppIcon;
				DEVELOPMENT_TEAM = 4529XPL542;
				FRAMEWORK_SEARCH_PATHS = (
					"$(inherited)",
					"$(PROJECT_DIR)/Carthage/Build/iOS",
					"$(PROJECT_DIR)",
				);
				INFOPLIST_FILE = Reddit/Info.plist;
				LD_RUNPATH_SEARCH_PATHS = "$(inherited) @executable_path/Frameworks";
				OTHER_SWIFT_FLAGS = "";
				PRODUCT_BUNDLE_IDENTIFIER = com.ronzohan.Reddit;
				PRODUCT_NAME = "$(TARGET_NAME)";
				SWIFT_OBJC_BRIDGING_HEADER = "Bridging-Header.h";
				SWIFT_VERSION = 4.0;
			};
			name = Release;
		};
		EED469A11F3CCA09006759D1 /* Debug */ = {
			isa = XCBuildConfiguration;
			buildSettings = {
				ALWAYS_EMBED_SWIFT_STANDARD_LIBRARIES = YES;
				BUNDLE_LOADER = "$(TEST_HOST)";
				FRAMEWORK_SEARCH_PATHS = (
					"$(inherited)",
					"$(PROJECT_DIR)/Carthage/Build/iOS",
				);
				INFOPLIST_FILE = RedditTests/Info.plist;
				LD_RUNPATH_SEARCH_PATHS = "$(inherited) @executable_path/Frameworks @loader_path/Frameworks $(PROJECT_DIR)/Carthage/Build/iOS";
				PRODUCT_BUNDLE_IDENTIFIER = com.ronzohan.RedditTests;
				PRODUCT_NAME = "$(TARGET_NAME)";
				SWIFT_VERSION = 4.0;
				TEST_HOST = "$(BUILT_PRODUCTS_DIR)/Reddit.app/Reddit";
			};
			name = Debug;
		};
		EED469A21F3CCA09006759D1 /* Release */ = {
			isa = XCBuildConfiguration;
			buildSettings = {
				ALWAYS_EMBED_SWIFT_STANDARD_LIBRARIES = YES;
				BUNDLE_LOADER = "$(TEST_HOST)";
				FRAMEWORK_SEARCH_PATHS = (
					"$(inherited)",
					"$(PROJECT_DIR)/Carthage/Build/iOS",
				);
				INFOPLIST_FILE = RedditTests/Info.plist;
				LD_RUNPATH_SEARCH_PATHS = "$(inherited) @executable_path/Frameworks @loader_path/Frameworks $(PROJECT_DIR)/Carthage/Build/iOS";
				PRODUCT_BUNDLE_IDENTIFIER = com.ronzohan.RedditTests;
				PRODUCT_NAME = "$(TARGET_NAME)";
				SWIFT_VERSION = 4.0;
				TEST_HOST = "$(BUILT_PRODUCTS_DIR)/Reddit.app/Reddit";
			};
			name = Release;
		};
		EED469A41F3CCA09006759D1 /* Debug */ = {
			isa = XCBuildConfiguration;
			buildSettings = {
				ALWAYS_EMBED_SWIFT_STANDARD_LIBRARIES = YES;
				INFOPLIST_FILE = RedditUITests/Info.plist;
				LD_RUNPATH_SEARCH_PATHS = "$(inherited) @executable_path/Frameworks @loader_path/Frameworks";
				PRODUCT_BUNDLE_IDENTIFIER = com.ronzohan.RedditUITests;
				PRODUCT_NAME = "$(TARGET_NAME)";
				SWIFT_VERSION = 4.0;
				TEST_TARGET_NAME = Reddit;
			};
			name = Debug;
		};
		EED469A51F3CCA09006759D1 /* Release */ = {
			isa = XCBuildConfiguration;
			buildSettings = {
				ALWAYS_EMBED_SWIFT_STANDARD_LIBRARIES = YES;
				INFOPLIST_FILE = RedditUITests/Info.plist;
				LD_RUNPATH_SEARCH_PATHS = "$(inherited) @executable_path/Frameworks @loader_path/Frameworks";
				PRODUCT_BUNDLE_IDENTIFIER = com.ronzohan.RedditUITests;
				PRODUCT_NAME = "$(TARGET_NAME)";
				SWIFT_VERSION = 4.0;
				TEST_TARGET_NAME = Reddit;
			};
			name = Release;
		};
/* End XCBuildConfiguration section */

/* Begin XCConfigurationList section */
		EED469701F3CCA08006759D1 /* Build configuration list for PBXProject "Reddit" */ = {
			isa = XCConfigurationList;
			buildConfigurations = (
				EED4699B1F3CCA09006759D1 /* Debug */,
				EED4699C1F3CCA09006759D1 /* Release */,
			);
			defaultConfigurationIsVisible = 0;
			defaultConfigurationName = Release;
		};
		EED4699D1F3CCA09006759D1 /* Build configuration list for PBXNativeTarget "Reddit" */ = {
			isa = XCConfigurationList;
			buildConfigurations = (
				EED4699E1F3CCA09006759D1 /* Debug */,
				EED4699F1F3CCA09006759D1 /* Release */,
			);
			defaultConfigurationIsVisible = 0;
			defaultConfigurationName = Release;
		};
		EED469A01F3CCA09006759D1 /* Build configuration list for PBXNativeTarget "RedditTests" */ = {
			isa = XCConfigurationList;
			buildConfigurations = (
				EED469A11F3CCA09006759D1 /* Debug */,
				EED469A21F3CCA09006759D1 /* Release */,
			);
			defaultConfigurationIsVisible = 0;
			defaultConfigurationName = Release;
		};
		EED469A31F3CCA09006759D1 /* Build configuration list for PBXNativeTarget "RedditUITests" */ = {
			isa = XCConfigurationList;
			buildConfigurations = (
				EED469A41F3CCA09006759D1 /* Debug */,
				EED469A51F3CCA09006759D1 /* Release */,
			);
			defaultConfigurationIsVisible = 0;
			defaultConfigurationName = Release;
		};
/* End XCConfigurationList section */
	};
	rootObject = EED4696D1F3CCA08006759D1 /* Project object */;
}
